// !$*UTF8*$!
{
	archiveVersion = 1;
	classes = {
	};
	objectVersion = 46;
	objects = {

/* Begin PBXBuildFile section */
		28F7985D1E785B170054A484 /* AppDelegate.swift in Sources */ = {isa = PBXBuildFile; fileRef = 28F7985C1E785B170054A484 /* AppDelegate.swift */; };
		28F7985F1E785B170054A484 /* ViewController.swift in Sources */ = {isa = PBXBuildFile; fileRef = 28F7985E1E785B170054A484 /* ViewController.swift */; };
		28F798621E785B170054A484 /* Main.storyboard in Resources */ = {isa = PBXBuildFile; fileRef = 28F798601E785B170054A484 /* Main.storyboard */; };
		28F798641E785B170054A484 /* Assets.xcassets in Resources */ = {isa = PBXBuildFile; fileRef = 28F798631E785B170054A484 /* Assets.xcassets */; };
		28F798671E785B170054A484 /* LaunchScreen.storyboard in Resources */ = {isa = PBXBuildFile; fileRef = 28F798651E785B170054A484 /* LaunchScreen.storyboard */; };
		28F798721E785B170054A484 /* _DA_EVA_5_TABLEVIEWTests.swift in Sources */ = {isa = PBXBuildFile; fileRef = 28F798711E785B170054A484 /* _DA_EVA_5_TABLEVIEWTests.swift */; };
		28F7987D1E785B170054A484 /* _DA_EVA_5_TABLEVIEWUITests.swift in Sources */ = {isa = PBXBuildFile; fileRef = 28F7987C1E785B170054A484 /* _DA_EVA_5_TABLEVIEWUITests.swift */; };
		28F7988B1E7861700054A484 /* TableViewCellMy.swift in Sources */ = {isa = PBXBuildFile; fileRef = 28F7988A1E7861700054A484 /* TableViewCellMy.swift */; };
/* End PBXBuildFile section */

/* Begin PBXContainerItemProxy section */
		28F7986E1E785B170054A484 /* PBXContainerItemProxy */ = {
			isa = PBXContainerItemProxy;
			containerPortal = 28F798511E785B150054A484 /* Project object */;
			proxyType = 1;
			remoteGlobalIDString = 28F798581E785B150054A484;
			remoteInfo = 2DA_EVA_5_TABLEVIEW;
		};
		28F798791E785B170054A484 /* PBXContainerItemProxy */ = {
			isa = PBXContainerItemProxy;
			containerPortal = 28F798511E785B150054A484 /* Project object */;
			proxyType = 1;
			remoteGlobalIDString = 28F798581E785B150054A484;
			remoteInfo = 2DA_EVA_5_TABLEVIEW;
		};
/* End PBXContainerItemProxy section */

/* Begin PBXFileReference section */
		28F798591E785B170054A484 /* 2DA_EVA_5_TABLEVIEW.app */ = {isa = PBXFileReference; explicitFileType = wrapper.application; includeInIndex = 0; path = 2DA_EVA_5_TABLEVIEW.app; sourceTree = BUILT_PRODUCTS_DIR; };
		28F7985C1E785B170054A484 /* AppDelegate.swift */ = {isa = PBXFileReference; lastKnownFileType = sourcecode.swift; path = AppDelegate.swift; sourceTree = "<group>"; };
		28F7985E1E785B170054A484 /* ViewController.swift */ = {isa = PBXFileReference; lastKnownFileType = sourcecode.swift; path = ViewController.swift; sourceTree = "<group>"; };
		28F798611E785B170054A484 /* Base */ = {isa = PBXFileReference; lastKnownFileType = file.storyboard; name = Base; path = Base.lproj/Main.storyboard; sourceTree = "<group>"; };
		28F798631E785B170054A484 /* Assets.xcassets */ = {isa = PBXFileReference; lastKnownFileType = folder.assetcatalog; path = Assets.xcassets; sourceTree = "<group>"; };
		28F798661E785B170054A484 /* Base */ = {isa = PBXFileReference; lastKnownFileType = file.storyboard; name = Base; path = Base.lproj/LaunchScreen.storyboard; sourceTree = "<group>"; };
		28F798681E785B170054A484 /* Info.plist */ = {isa = PBXFileReference; lastKnownFileType = text.plist.xml; path = Info.plist; sourceTree = "<group>"; };
		28F7986D1E785B170054A484 /* 2DA_EVA_5_TABLEVIEWTests.xctest */ = {isa = PBXFileReference; explicitFileType = wrapper.cfbundle; includeInIndex = 0; path = 2DA_EVA_5_TABLEVIEWTests.xctest; sourceTree = BUILT_PRODUCTS_DIR; };
		28F798711E785B170054A484 /* _DA_EVA_5_TABLEVIEWTests.swift */ = {isa = PBXFileReference; lastKnownFileType = sourcecode.swift; path = _DA_EVA_5_TABLEVIEWTests.swift; sourceTree = "<group>"; };
		28F798731E785B170054A484 /* Info.plist */ = {isa = PBXFileReference; lastKnownFileType = text.plist.xml; path = Info.plist; sourceTree = "<group>"; };
		28F798781E785B170054A484 /* 2DA_EVA_5_TABLEVIEWUITests.xctest */ = {isa = PBXFileReference; explicitFileType = wrapper.cfbundle; includeInIndex = 0; path = 2DA_EVA_5_TABLEVIEWUITests.xctest; sourceTree = BUILT_PRODUCTS_DIR; };
		28F7987C1E785B170054A484 /* _DA_EVA_5_TABLEVIEWUITests.swift */ = {isa = PBXFileReference; lastKnownFileType = sourcecode.swift; path = _DA_EVA_5_TABLEVIEWUITests.swift; sourceTree = "<group>"; };
		28F7987E1E785B170054A484 /* Info.plist */ = {isa = PBXFileReference; lastKnownFileType = text.plist.xml; path = Info.plist; sourceTree = "<group>"; };
		28F7988A1E7861700054A484 /* TableViewCellMy.swift */ = {isa = PBXFileReference; fileEncoding = 4; lastKnownFileType = sourcecode.swift; path = TableViewCellMy.swift; sourceTree = "<group>"; };
/* End PBXFileReference section */

/* Begin PBXFrameworksBuildPhase section */
		28F798561E785B150054A484 /* Frameworks */ = {
			isa = PBXFrameworksBuildPhase;
			buildActionMask = 2147483647;
			files = (
			);
			runOnlyForDeploymentPostprocessing = 0;
		};
		28F7986A1E785B170054A484 /* Frameworks */ = {
			isa = PBXFrameworksBuildPhase;
			buildActionMask = 2147483647;
			files = (
			);
			runOnlyForDeploymentPostprocessing = 0;
		};
		28F798751E785B170054A484 /* Frameworks */ = {
			isa = PBXFrameworksBuildPhase;
			buildActionMask = 2147483647;
			files = (
			);
			runOnlyForDeploymentPostprocessing = 0;
		};
/* End PBXFrameworksBuildPhase section */

/* Begin PBXGroup section */
		28F798501E785B150054A484 = {
			isa = PBXGroup;
			children = (
				28F7985B1E785B170054A484 /* 2DA_EVA_5_TABLEVIEW */,
				28F798701E785B170054A484 /* 2DA_EVA_5_TABLEVIEWTests */,
				28F7987B1E785B170054A484 /* 2DA_EVA_5_TABLEVIEWUITests */,
				28F7985A1E785B170054A484 /* Products */,
			);
			sourceTree = "<group>";
		};
		28F7985A1E785B170054A484 /* Products */ = {
			isa = PBXGroup;
			children = (
				28F798591E785B170054A484 /* 2DA_EVA_5_TABLEVIEW.app */,
				28F7986D1E785B170054A484 /* 2DA_EVA_5_TABLEVIEWTests.xctest */,
				28F798781E785B170054A484 /* 2DA_EVA_5_TABLEVIEWUITests.xctest */,
			);
			name = Products;
			sourceTree = "<group>";
		};
		28F7985B1E785B170054A484 /* 2DA_EVA_5_TABLEVIEW */ = {
			isa = PBXGroup;
			children = (
				28F7985C1E785B170054A484 /* AppDelegate.swift */,
				28F7985E1E785B170054A484 /* ViewController.swift */,
				28F7988A1E7861700054A484 /* TableViewCellMy.swift */,
				28F798601E785B170054A484 /* Main.storyboard */,
				28F798631E785B170054A484 /* Assets.xcassets */,
				28F798651E785B170054A484 /* LaunchScreen.storyboard */,
				28F798681E785B170054A484 /* Info.plist */,
			);
			path = 2DA_EVA_5_TABLEVIEW;
			sourceTree = "<group>";
		};
		28F798701E785B170054A484 /* 2DA_EVA_5_TABLEVIEWTests */ = {
			isa = PBXGroup;
			children = (
				28F798711E785B170054A484 /* _DA_EVA_5_TABLEVIEWTests.swift */,
				28F798731E785B170054A484 /* Info.plist */,
			);
			path = 2DA_EVA_5_TABLEVIEWTests;
			sourceTree = "<group>";
		};
		28F7987B1E785B170054A484 /* 2DA_EVA_5_TABLEVIEWUITests */ = {
			isa = PBXGroup;
			children = (
				28F7987C1E785B170054A484 /* _DA_EVA_5_TABLEVIEWUITests.swift */,
				28F7987E1E785B170054A484 /* Info.plist */,
			);
			path = 2DA_EVA_5_TABLEVIEWUITests;
			sourceTree = "<group>";
		};
/* End PBXGroup section */

/* Begin PBXNativeTarget section */
		28F798581E785B150054A484 /* 2DA_EVA_5_TABLEVIEW */ = {
			isa = PBXNativeTarget;
			buildConfigurationList = 28F798811E785B170054A484 /* Build configuration list for PBXNativeTarget "2DA_EVA_5_TABLEVIEW" */;
			buildPhases = (
				28F798551E785B150054A484 /* Sources */,
				28F798561E785B150054A484 /* Frameworks */,
				28F798571E785B150054A484 /* Resources */,
			);
			buildRules = (
			);
			dependencies = (
			);
			name = 2DA_EVA_5_TABLEVIEW;
			productName = 2DA_EVA_5_TABLEVIEW;
			productReference = 28F798591E785B170054A484 /* 2DA_EVA_5_TABLEVIEW.app */;
			productType = "com.apple.product-type.application";
		};
		28F7986C1E785B170054A484 /* 2DA_EVA_5_TABLEVIEWTests */ = {
			isa = PBXNativeTarget;
			buildConfigurationList = 28F798841E785B170054A484 /* Build configuration list for PBXNativeTarget "2DA_EVA_5_TABLEVIEWTests" */;
			buildPhases = (
				28F798691E785B170054A484 /* Sources */,
				28F7986A1E785B170054A484 /* Frameworks */,
				28F7986B1E785B170054A484 /* Resources */,
			);
			buildRules = (
			);
			dependencies = (
				28F7986F1E785B170054A484 /* PBXTargetDependency */,
			);
			name = 2DA_EVA_5_TABLEVIEWTests;
			productName = 2DA_EVA_5_TABLEVIEWTests;
			productReference = 28F7986D1E785B170054A484 /* 2DA_EVA_5_TABLEVIEWTests.xctest */;
			productType = "com.apple.product-type.bundle.unit-test";
		};
		28F798771E785B170054A484 /* 2DA_EVA_5_TABLEVIEWUITests */ = {
			isa = PBXNativeTarget;
			buildConfigurationList = 28F798871E785B170054A484 /* Build configuration list for PBXNativeTarget "2DA_EVA_5_TABLEVIEWUITests" */;
			buildPhases = (
				28F798741E785B170054A484 /* Sources */,
				28F798751E785B170054A484 /* Frameworks */,
				28F798761E785B170054A484 /* Resources */,
			);
			buildRules = (
			);
			dependencies = (
				28F7987A1E785B170054A484 /* PBXTargetDependency */,
			);
			name = 2DA_EVA_5_TABLEVIEWUITests;
			productName = 2DA_EVA_5_TABLEVIEWUITests;
			productReference = 28F798781E785B170054A484 /* 2DA_EVA_5_TABLEVIEWUITests.xctest */;
			productType = "com.apple.product-type.bundle.ui-testing";
		};
/* End PBXNativeTarget section */

/* Begin PBXProject section */
		28F798511E785B150054A484 /* Project object */ = {
			isa = PBXProject;
			attributes = {
				LastSwiftUpdateCheck = 0800;
				LastUpgradeCheck = 0800;
				ORGANIZATIONNAME = BRANDON;
				TargetAttributes = {
					28F798581E785B150054A484 = {
						CreatedOnToolsVersion = 8.0;
						ProvisioningStyle = Automatic;
					};
					28F7986C1E785B170054A484 = {
						CreatedOnToolsVersion = 8.0;
						ProvisioningStyle = Automatic;
						TestTargetID = 28F798581E785B150054A484;
					};
					28F798771E785B170054A484 = {
						CreatedOnToolsVersion = 8.0;
						ProvisioningStyle = Automatic;
						TestTargetID = 28F798581E785B150054A484;
					};
				};
			};
			buildConfigurationList = 28F798541E785B150054A484 /* Build configuration list for PBXProject "2DA_EVA_5_TABLEVIEW" */;
			compatibilityVersion = "Xcode 3.2";
			developmentRegion = English;
			hasScannedForEncodings = 0;
			knownRegions = (
				en,
				Base,
			);
			mainGroup = 28F798501E785B150054A484;
			productRefGroup = 28F7985A1E785B170054A484 /* Products */;
			projectDirPath = "";
			projectRoot = "";
			targets = (
				28F798581E785B150054A484 /* 2DA_EVA_5_TABLEVIEW */,
				28F7986C1E785B170054A484 /* 2DA_EVA_5_TABLEVIEWTests */,
				28F798771E785B170054A484 /* 2DA_EVA_5_TABLEVIEWUITests */,
			);
		};
/* End PBXProject section */

/* Begin PBXResourcesBuildPhase section */
		28F798571E785B150054A484 /* Resources */ = {
			isa = PBXResourcesBuildPhase;
			buildActionMask = 2147483647;
			files = (
				28F798671E785B170054A484 /* LaunchScreen.storyboard in Resources */,
				28F798641E785B170054A484 /* Assets.xcassets in Resources */,
				28F798621E785B170054A484 /* Main.storyboard in Resources */,
			);
			runOnlyForDeploymentPostprocessing = 0;
		};
		28F7986B1E785B170054A484 /* Resources */ = {
			isa = PBXResourcesBuildPhase;
			buildActionMask = 2147483647;
			files = (
			);
			runOnlyForDeploymentPostprocessing = 0;
		};
		28F798761E785B170054A484 /* Resources */ = {
			isa = PBXResourcesBuildPhase;
			buildActionMask = 2147483647;
			files = (
			);
			runOnlyForDeploymentPostprocessing = 0;
		};
/* End PBXResourcesBuildPhase section */

/* Begin PBXSourcesBuildPhase section */
		28F798551E785B150054A484 /* Sources */ = {
			isa = PBXSourcesBuildPhase;
			buildActionMask = 2147483647;
			files = (
				28F7985F1E785B170054A484 /* ViewController.swift in Sources */,
				28F7988B1E7861700054A484 /* TableViewCellMy.swift in Sources */,
				28F7985D1E785B170054A484 /* AppDelegate.swift in Sources */,
			);
			runOnlyForDeploymentPostprocessing = 0;
		};
		28F798691E785B170054A484 /* Sources */ = {
			isa = PBXSourcesBuildPhase;
			buildActionMask = 2147483647;
			files = (
				28F798721E785B170054A484 /* _DA_EVA_5_TABLEVIEWTests.swift in Sources */,
			);
			runOnlyForDeploymentPostprocessing = 0;
		};
		28F798741E785B170054A484 /* Sources */ = {
			isa = PBXSourcesBuildPhase;
			buildActionMask = 2147483647;
			files = (
				28F7987D1E785B170054A484 /* _DA_EVA_5_TABLEVIEWUITests.swift in Sources */,
			);
			runOnlyForDeploymentPostprocessing = 0;
		};
/* End PBXSourcesBuildPhase section */

/* Begin PBXTargetDependency section */
		28F7986F1E785B170054A484 /* PBXTargetDependency */ = {
			isa = PBXTargetDependency;
			target = 28F798581E785B150054A484 /* 2DA_EVA_5_TABLEVIEW */;
			targetProxy = 28F7986E1E785B170054A484 /* PBXContainerItemProxy */;
		};
		28F7987A1E785B170054A484 /* PBXTargetDependency */ = {
			isa = PBXTargetDependency;
			target = 28F798581E785B150054A484 /* 2DA_EVA_5_TABLEVIEW */;
			targetProxy = 28F798791E785B170054A484 /* PBXContainerItemProxy */;
		};
/* End PBXTargetDependency section */

/* Begin PBXVariantGroup section */
		28F798601E785B170054A484 /* Main.storyboard */ = {
			isa = PBXVariantGroup;
			children = (
				28F798611E785B170054A484 /* Base */,
			);
			name = Main.storyboard;
			sourceTree = "<group>";
		};
		28F798651E785B170054A484 /* LaunchScreen.storyboard */ = {
			isa = PBXVariantGroup;
			children = (
				28F798661E785B170054A484 /* Base */,
			);
			name = LaunchScreen.storyboard;
			sourceTree = "<group>";
		};
/* End PBXVariantGroup section */

/* Begin XCBuildConfiguration section */
		28F7987F1E785B170054A484 /* Debug */ = {
			isa = XCBuildConfiguration;
			buildSettings = {
				ALWAYS_SEARCH_USER_PATHS = NO;
				CLANG_ANALYZER_NONNULL = YES;
				CLANG_CXX_LANGUAGE_STANDARD = "gnu++0x";
				CLANG_CXX_LIBRARY = "libc++";
				CLANG_ENABLE_MODULES = YES;
				CLANG_ENABLE_OBJC_ARC = YES;
				CLANG_WARN_BOOL_CONVERSION = YES;
				CLANG_WARN_CONSTANT_CONVERSION = YES;
				CLANG_WARN_DIRECT_OBJC_ISA_USAGE = YES_ERROR;
				CLANG_WARN_DOCUMENTATION_COMMENTS = YES;
				CLANG_WARN_EMPTY_BODY = YES;
				CLANG_WARN_ENUM_CONVERSION = YES;
				CLANG_WARN_INFINITE_RECURSION = YES;
				CLANG_WARN_INT_CONVERSION = YES;
				CLANG_WARN_OBJC_ROOT_CLASS = YES_ERROR;
				CLANG_WARN_SUSPICIOUS_MOVES = YES;
				CLANG_WARN_UNREACHABLE_CODE = YES;
				CLANG_WARN__DUPLICATE_METHOD_MATCH = YES;
				"CODE_SIGN_IDENTITY[sdk=iphoneos*]" = "iPhone Developer";
				COPY_PHASE_STRIP = NO;
				DEBUG_INFORMATION_FORMAT = dwarf;
				ENABLE_STRICT_OBJC_MSGSEND = YES;
				ENABLE_TESTABILITY = YES;
				GCC_C_LANGUAGE_STANDARD = gnu99;
				GCC_DYNAMIC_NO_PIC = NO;
				GCC_NO_COMMON_BLOCKS = YES;
				GCC_OPTIMIZATION_LEVEL = 0;
				GCC_PREPROCESSOR_DEFINITIONS = (
					"DEBUG=1",
					"$(inherited)",
				);
				GCC_WARN_64_TO_32_BIT_CONVERSION = YES;
				GCC_WARN_ABOUT_RETURN_TYPE = YES_ERROR;
				GCC_WARN_UNDECLARED_SELECTOR = YES;
				GCC_WARN_UNINITIALIZED_AUTOS = YES_AGGRESSIVE;
				GCC_WARN_UNUSED_FUNCTION = YES;
				GCC_WARN_UNUSED_VARIABLE = YES;
				IPHONEOS_DEPLOYMENT_TARGET = 10.0;
				MTL_ENABLE_DEBUG_INFO = YES;
				ONLY_ACTIVE_ARCH = YES;
				SDKROOT = iphoneos;
				SWIFT_ACTIVE_COMPILATION_CONDITIONS = DEBUG;
				SWIFT_OPTIMIZATION_LEVEL = "-Onone";
				TARGETED_DEVICE_FAMILY = "1,2";
			};
			name = Debug;
		};
		28F798801E785B170054A484 /* Release */ = {
			isa = XCBuildConfiguration;
			buildSettings = {
				ALWAYS_SEARCH_USER_PATHS = NO;
				CLANG_ANALYZER_NONNULL = YES;
				CLANG_CXX_LANGUAGE_STANDARD = "gnu++0x";
				CLANG_CXX_LIBRARY = "libc++";
				CLANG_ENABLE_MODULES = YES;
				CLANG_ENABLE_OBJC_ARC = YES;
				CLANG_WARN_BOOL_CONVERSION = YES;
				CLANG_WARN_CONSTANT_CONVERSION = YES;
				CLANG_WARN_DIRECT_OBJC_ISA_USAGE = YES_ERROR;
				CLANG_WARN_DOCUMENTATION_COMMENTS = YES;
				CLANG_WARN_EMPTY_BODY = YES;
				CLANG_WARN_ENUM_CONVERSION = YES;
				CLANG_WARN_INFINITE_RECURSION = YES;
				CLANG_WARN_INT_CONVERSION = YES;
				CLANG_WARN_OBJC_ROOT_CLASS = YES_ERROR;
				CLANG_WARN_SUSPICIOUS_MOVES = YES;
				CLANG_WARN_UNREACHABLE_CODE = YES;
				CLANG_WARN__DUPLICATE_METHOD_MATCH = YES;
				"CODE_SIGN_IDENTITY[sdk=iphoneos*]" = "iPhone Developer";
				COPY_PHASE_STRIP = NO;
				DEBUG_INFORMATION_FORMAT = "dwarf-with-dsym";
				ENABLE_NS_ASSERTIONS = NO;
				ENABLE_STRICT_OBJC_MSGSEND = YES;
				GCC_C_LANGUAGE_STANDARD = gnu99;
				GCC_NO_COMMON_BLOCKS = YES;
				GCC_WARN_64_TO_32_BIT_CONVERSION = YES;
				GCC_WARN_ABOUT_RETURN_TYPE = YES_ERROR;
				GCC_WARN_UNDECLARED_SELECTOR = YES;
				GCC_WARN_UNINITIALIZED_AUTOS = YES_AGGRESSIVE;
				GCC_WARN_UNUSED_FUNCTION = YES;
				GCC_WARN_UNUSED_VARIABLE = YES;
				IPHONEOS_DEPLOYMENT_TARGET = 10.0;
				MTL_ENABLE_DEBUG_INFO = NO;
				SDKROOT = iphoneos;
				SWIFT_OPTIMIZATION_LEVEL = "-Owholemodule";
				TARGETED_DEVICE_FAMILY = "1,2";
				VALIDATE_PRODUCT = YES;
			};
			name = Release;
		};
		28F798821E785B170054A484 /* Debug */ = {
			isa = XCBuildConfiguration;
			buildSettings = {
				ASSETCATALOG_COMPILER_APPICON_NAME = AppIcon;
				INFOPLIST_FILE = 2DA_EVA_5_TABLEVIEW/Info.plist;
				LD_RUNPATH_SEARCH_PATHS = "$(inherited) @executable_path/Frameworks";
				PRODUCT_BUNDLE_IDENTIFIER = "Brindon.AT.-DA-EVA-5-TABLEVIEW";
				PRODUCT_NAME = "$(TARGET_NAME)";
				SWIFT_VERSION = 3.0;
			};
			name = Debug;
		};
		28F798831E785B170054A484 /* Release */ = {
			isa = XCBuildConfiguration;
			buildSettings = {
				ASSETCATALOG_COMPILER_APPICON_NAME = AppIcon;
				INFOPLIST_FILE = 2DA_EVA_5_TABLEVIEW/Info.plist;
				LD_RUNPATH_SEARCH_PATHS = "$(inherited) @executable_path/Frameworks";
				PRODUCT_BUNDLE_IDENTIFIER = "Brindon.AT.-DA-EVA-5-TABLEVIEW";
				PRODUCT_NAME = "$(TARGET_NAME)";
				SWIFT_VERSION = 3.0;
			};
			name = Release;
		};
		28F798851E785B170054A484 /* Debug */ = {
			isa = XCBuildConfiguration;
			buildSettings = {
				ALWAYS_EMBED_SWIFT_STANDARD_LIBRARIES = YES;
				BUNDLE_LOADER = "$(TEST_HOST)";
				INFOPLIST_FILE = 2DA_EVA_5_TABLEVIEWTests/Info.plist;
				LD_RUNPATH_SEARCH_PATHS = "$(inherited) @executable_path/Frameworks @loader_path/Frameworks";
				PRODUCT_BUNDLE_IDENTIFIER = "Brindon.AT.-DA-EVA-5-TABLEVIEWTests";
				PRODUCT_NAME = "$(TARGET_NAME)";
				SWIFT_VERSION = 3.0;
				TEST_HOST = "$(BUILT_PRODUCTS_DIR)/2DA_EVA_5_TABLEVIEW.app/2DA_EVA_5_TABLEVIEW";
			};
			name = Debug;
		};
		28F798861E785B170054A484 /* Release */ = {
			isa = XCBuildConfiguration;
			buildSettings = {
				ALWAYS_EMBED_SWIFT_STANDARD_LIBRARIES = YES;
				BUNDLE_LOADER = "$(TEST_HOST)";
				INFOPLIST_FILE = 2DA_EVA_5_TABLEVIEWTests/Info.plist;
				LD_RUNPATH_SEARCH_PATHS = "$(inherited) @executable_path/Frameworks @loader_path/Frameworks";
				PRODUCT_BUNDLE_IDENTIFIER = "Brindon.AT.-DA-EVA-5-TABLEVIEWTests";
				PRODUCT_NAME = "$(TARGET_NAME)";
				SWIFT_VERSION = 3.0;
				TEST_HOST = "$(BUILT_PRODUCTS_DIR)/2DA_EVA_5_TABLEVIEW.app/2DA_EVA_5_TABLEVIEW";
			};
			name = Release;
		};
		28F798881E785B170054A484 /* Debug */ = {
			isa = XCBuildConfiguration;
			buildSettings = {
				ALWAYS_EMBED_SWIFT_STANDARD_LIBRARIES = YES;
				INFOPLIST_FILE = 2DA_EVA_5_TABLEVIEWUITests/Info.plist;
				LD_RUNPATH_SEARCH_PATHS = "$(inherited) @executable_path/Frameworks @loader_path/Frameworks";
				PRODUCT_BUNDLE_IDENTIFIER = "Brindon.AT.-DA-EVA-5-TABLEVIEWUITests";
				PRODUCT_NAME = "$(TARGET_NAME)";
				SWIFT_VERSION = 3.0;
				TEST_TARGET_NAME = 2DA_EVA_5_TABLEVIEW;
			};
			name = Debug;
		};
		28F798891E785B170054A484 /* Release */ = {
			isa = XCBuildConfiguration;
			buildSettings = {
				ALWAYS_EMBED_SWIFT_STANDARD_LIBRARIES = YES;
				INFOPLIST_FILE = 2DA_EVA_5_TABLEVIEWUITests/Info.plist;
				LD_RUNPATH_SEARCH_PATHS = "$(inherited) @executable_path/Frameworks @loader_path/Frameworks";
				PRODUCT_BUNDLE_IDENTIFIER = "Brindon.AT.-DA-EVA-5-TABLEVIEWUITests";
				PRODUCT_NAME = "$(TARGET_NAME)";
				SWIFT_VERSION = 3.0;
				TEST_TARGET_NAME = 2DA_EVA_5_TABLEVIEW;
			};
			name = Release;
		};
/* End XCBuildConfiguration section */

/* Begin XCConfigurationList section */
		28F798541E785B150054A484 /* Build configuration list for PBXProject "2DA_EVA_5_TABLEVIEW" */ = {
			isa = XCConfigurationList;
			buildConfigurations = (
				28F7987F1E785B170054A484 /* Debug */,
				28F798801E785B170054A484 /* Release */,
			);
			defaultConfigurationIsVisible = 0;
			defaultConfigurationName = Release;
		};
		28F798811E785B170054A484 /* Build configuration list for PBXNativeTarget "2DA_EVA_5_TABLEVIEW" */ = {
			isa = XCConfigurationList;
			buildConfigurations = (
				28F798821E785B170054A484 /* Debug */,
				28F798831E785B170054A484 /* Release */,
			);
			defaultConfigurationIsVisible = 0;
			defaultConfigurationName = Release;
		};
		28F798841E785B170054A484 /* Build configuration list for PBXNativeTarget "2DA_EVA_5_TABLEVIEWTests" */ = {
			isa = XCConfigurationList;
			buildConfigurations = (
				28F798851E785B170054A484 /* Debug */,
				28F798861E785B170054A484 /* Release */,
			);
			defaultConfigurationIsVisible = 0;
			defaultConfigurationName = Release;
		};
		28F798871E785B170054A484 /* Build configuration list for PBXNativeTarget "2DA_EVA_5_TABLEVIEWUITests" */ = {
			isa = XCConfigurationList;
			buildConfigurations = (
				28F798881E785B170054A484 /* Debug */,
				28F798891E785B170054A484 /* Release */,
			);
			defaultConfigurationIsVisible = 0;
			defaultConfigurationName = Release;
		};
/* End XCConfigurationList section */
	};
	rootObject = 28F798511E785B150054A484 /* Project object */;
}
