// !$*UTF8*$!
{
	archiveVersion = 1;
	classes = {
	};
	objectVersion = 46;
	objects = {

/* Begin PBXBuildFile section */
		2806C3271EC4C60600BF3E69 /* AppDelegate.swift in Sources */ = {isa = PBXBuildFile; fileRef = 2806C3261EC4C60600BF3E69 /* AppDelegate.swift */; };
		2806C3291EC4C60600BF3E69 /* ViewController.swift in Sources */ = {isa = PBXBuildFile; fileRef = 2806C3281EC4C60600BF3E69 /* ViewController.swift */; };
		2806C32C1EC4C60600BF3E69 /* Main.storyboard in Resources */ = {isa = PBXBuildFile; fileRef = 2806C32A1EC4C60600BF3E69 /* Main.storyboard */; };
		2806C32E1EC4C60600BF3E69 /* Assets.xcassets in Resources */ = {isa = PBXBuildFile; fileRef = 2806C32D1EC4C60600BF3E69 /* Assets.xcassets */; };
		2806C3311EC4C60A00BF3E69 /* LaunchScreen.storyboard in Resources */ = {isa = PBXBuildFile; fileRef = 2806C32F1EC4C60A00BF3E69 /* LaunchScreen.storyboard */; };
		2806C33C1EC4C60A00BF3E69 /* EVA3_7_LISTAS_ARCHIVOTests.swift in Sources */ = {isa = PBXBuildFile; fileRef = 2806C33B1EC4C60A00BF3E69 /* EVA3_7_LISTAS_ARCHIVOTests.swift */; };
		2806C3471EC4C60A00BF3E69 /* EVA3_7_LISTAS_ARCHIVOUITests.swift in Sources */ = {isa = PBXBuildFile; fileRef = 2806C3461EC4C60A00BF3E69 /* EVA3_7_LISTAS_ARCHIVOUITests.swift */; };
		2806C3551EC4C63800BF3E69 /* sortednames.plist in Resources */ = {isa = PBXBuildFile; fileRef = 2806C3541EC4C63800BF3E69 /* sortednames.plist */; };
/* End PBXBuildFile section */

/* Begin PBXContainerItemProxy section */
		2806C3381EC4C60A00BF3E69 /* PBXContainerItemProxy */ = {
			isa = PBXContainerItemProxy;
			containerPortal = 2806C31B1EC4C60300BF3E69 /* Project object */;
			proxyType = 1;
			remoteGlobalIDString = 2806C3221EC4C60500BF3E69;
			remoteInfo = EVA3_7_LISTAS_ARCHIVO;
		};
		2806C3431EC4C60A00BF3E69 /* PBXContainerItemProxy */ = {
			isa = PBXContainerItemProxy;
			containerPortal = 2806C31B1EC4C60300BF3E69 /* Project object */;
			proxyType = 1;
			remoteGlobalIDString = 2806C3221EC4C60500BF3E69;
			remoteInfo = EVA3_7_LISTAS_ARCHIVO;
		};
/* End PBXContainerItemProxy section */

/* Begin PBXFileReference section */
		2806C3231EC4C60600BF3E69 /* EVA3_7_LISTAS_ARCHIVO.app */ = {isa = PBXFileReference; explicitFileType = wrapper.application; includeInIndex = 0; path = EVA3_7_LISTAS_ARCHIVO.app; sourceTree = BUILT_PRODUCTS_DIR; };
		2806C3261EC4C60600BF3E69 /* AppDelegate.swift */ = {isa = PBXFileReference; lastKnownFileType = sourcecode.swift; path = AppDelegate.swift; sourceTree = "<group>"; };
		2806C3281EC4C60600BF3E69 /* ViewController.swift */ = {isa = PBXFileReference; lastKnownFileType = sourcecode.swift; path = ViewController.swift; sourceTree = "<group>"; };
		2806C32B1EC4C60600BF3E69 /* Base */ = {isa = PBXFileReference; lastKnownFileType = file.storyboard; name = Base; path = Base.lproj/Main.storyboard; sourceTree = "<group>"; };
		2806C32D1EC4C60600BF3E69 /* Assets.xcassets */ = {isa = PBXFileReference; lastKnownFileType = folder.assetcatalog; path = Assets.xcassets; sourceTree = "<group>"; };
		2806C3301EC4C60A00BF3E69 /* Base */ = {isa = PBXFileReference; lastKnownFileType = file.storyboard; name = Base; path = Base.lproj/LaunchScreen.storyboard; sourceTree = "<group>"; };
		2806C3321EC4C60A00BF3E69 /* Info.plist */ = {isa = PBXFileReference; lastKnownFileType = text.plist.xml; path = Info.plist; sourceTree = "<group>"; };
		2806C3371EC4C60A00BF3E69 /* EVA3_7_LISTAS_ARCHIVOTests.xctest */ = {isa = PBXFileReference; explicitFileType = wrapper.cfbundle; includeInIndex = 0; path = EVA3_7_LISTAS_ARCHIVOTests.xctest; sourceTree = BUILT_PRODUCTS_DIR; };
		2806C33B1EC4C60A00BF3E69 /* EVA3_7_LISTAS_ARCHIVOTests.swift */ = {isa = PBXFileReference; lastKnownFileType = sourcecode.swift; path = EVA3_7_LISTAS_ARCHIVOTests.swift; sourceTree = "<group>"; };
		2806C33D1EC4C60A00BF3E69 /* Info.plist */ = {isa = PBXFileReference; lastKnownFileType = text.plist.xml; path = Info.plist; sourceTree = "<group>"; };
		2806C3421EC4C60A00BF3E69 /* EVA3_7_LISTAS_ARCHIVOUITests.xctest */ = {isa = PBXFileReference; explicitFileType = wrapper.cfbundle; includeInIndex = 0; path = EVA3_7_LISTAS_ARCHIVOUITests.xctest; sourceTree = BUILT_PRODUCTS_DIR; };
		2806C3461EC4C60A00BF3E69 /* EVA3_7_LISTAS_ARCHIVOUITests.swift */ = {isa = PBXFileReference; lastKnownFileType = sourcecode.swift; path = EVA3_7_LISTAS_ARCHIVOUITests.swift; sourceTree = "<group>"; };
		2806C3481EC4C60A00BF3E69 /* Info.plist */ = {isa = PBXFileReference; lastKnownFileType = text.plist.xml; path = Info.plist; sourceTree = "<group>"; };
		2806C3541EC4C63800BF3E69 /* sortednames.plist */ = {isa = PBXFileReference; fileEncoding = 4; lastKnownFileType = text.plist.xml; name = sortednames.plist; path = /Users/13550353/Downloads/sortednames.plist; sourceTree = "<absolute>"; };
/* End PBXFileReference section */

/* Begin PBXFrameworksBuildPhase section */
		2806C3201EC4C60500BF3E69 /* Frameworks */ = {
			isa = PBXFrameworksBuildPhase;
			buildActionMask = 2147483647;
			files = (
			);
			runOnlyForDeploymentPostprocessing = 0;
		};
		2806C3341EC4C60A00BF3E69 /* Frameworks */ = {
			isa = PBXFrameworksBuildPhase;
			buildActionMask = 2147483647;
			files = (
			);
			runOnlyForDeploymentPostprocessing = 0;
		};
		2806C33F1EC4C60A00BF3E69 /* Frameworks */ = {
			isa = PBXFrameworksBuildPhase;
			buildActionMask = 2147483647;
			files = (
			);
			runOnlyForDeploymentPostprocessing = 0;
		};
/* End PBXFrameworksBuildPhase section */

/* Begin PBXGroup section */
		2806C31A1EC4C60300BF3E69 = {
			isa = PBXGroup;
			children = (
				2806C3251EC4C60600BF3E69 /* EVA3_7_LISTAS_ARCHIVO */,
				2806C33A1EC4C60A00BF3E69 /* EVA3_7_LISTAS_ARCHIVOTests */,
				2806C3451EC4C60A00BF3E69 /* EVA3_7_LISTAS_ARCHIVOUITests */,
				2806C3241EC4C60600BF3E69 /* Products */,
			);
			sourceTree = "<group>";
		};
		2806C3241EC4C60600BF3E69 /* Products */ = {
			isa = PBXGroup;
			children = (
				2806C3231EC4C60600BF3E69 /* EVA3_7_LISTAS_ARCHIVO.app */,
				2806C3371EC4C60A00BF3E69 /* EVA3_7_LISTAS_ARCHIVOTests.xctest */,
				2806C3421EC4C60A00BF3E69 /* EVA3_7_LISTAS_ARCHIVOUITests.xctest */,
			);
			name = Products;
			sourceTree = "<group>";
		};
		2806C3251EC4C60600BF3E69 /* EVA3_7_LISTAS_ARCHIVO */ = {
			isa = PBXGroup;
			children = (
				2806C3541EC4C63800BF3E69 /* sortednames.plist */,
				2806C3261EC4C60600BF3E69 /* AppDelegate.swift */,
				2806C3281EC4C60600BF3E69 /* ViewController.swift */,
				2806C32A1EC4C60600BF3E69 /* Main.storyboard */,
				2806C32D1EC4C60600BF3E69 /* Assets.xcassets */,
				2806C32F1EC4C60A00BF3E69 /* LaunchScreen.storyboard */,
				2806C3321EC4C60A00BF3E69 /* Info.plist */,
			);
			path = EVA3_7_LISTAS_ARCHIVO;
			sourceTree = "<group>";
		};
		2806C33A1EC4C60A00BF3E69 /* EVA3_7_LISTAS_ARCHIVOTests */ = {
			isa = PBXGroup;
			children = (
				2806C33B1EC4C60A00BF3E69 /* EVA3_7_LISTAS_ARCHIVOTests.swift */,
				2806C33D1EC4C60A00BF3E69 /* Info.plist */,
			);
			path = EVA3_7_LISTAS_ARCHIVOTests;
			sourceTree = "<group>";
		};
		2806C3451EC4C60A00BF3E69 /* EVA3_7_LISTAS_ARCHIVOUITests */ = {
			isa = PBXGroup;
			children = (
				2806C3461EC4C60A00BF3E69 /* EVA3_7_LISTAS_ARCHIVOUITests.swift */,
				2806C3481EC4C60A00BF3E69 /* Info.plist */,
			);
			path = EVA3_7_LISTAS_ARCHIVOUITests;
			sourceTree = "<group>";
		};
/* End PBXGroup section */

/* Begin PBXNativeTarget section */
		2806C3221EC4C60500BF3E69 /* EVA3_7_LISTAS_ARCHIVO */ = {
			isa = PBXNativeTarget;
			buildConfigurationList = 2806C34B1EC4C60A00BF3E69 /* Build configuration list for PBXNativeTarget "EVA3_7_LISTAS_ARCHIVO" */;
			buildPhases = (
				2806C31F1EC4C60500BF3E69 /* Sources */,
				2806C3201EC4C60500BF3E69 /* Frameworks */,
				2806C3211EC4C60500BF3E69 /* Resources */,
			);
			buildRules = (
			);
			dependencies = (
			);
			name = EVA3_7_LISTAS_ARCHIVO;
			productName = EVA3_7_LISTAS_ARCHIVO;
			productReference = 2806C3231EC4C60600BF3E69 /* EVA3_7_LISTAS_ARCHIVO.app */;
			productType = "com.apple.product-type.application";
		};
		2806C3361EC4C60A00BF3E69 /* EVA3_7_LISTAS_ARCHIVOTests */ = {
			isa = PBXNativeTarget;
			buildConfigurationList = 2806C34E1EC4C60A00BF3E69 /* Build configuration list for PBXNativeTarget "EVA3_7_LISTAS_ARCHIVOTests" */;
			buildPhases = (
				2806C3331EC4C60A00BF3E69 /* Sources */,
				2806C3341EC4C60A00BF3E69 /* Frameworks */,
				2806C3351EC4C60A00BF3E69 /* Resources */,
			);
			buildRules = (
			);
			dependencies = (
				2806C3391EC4C60A00BF3E69 /* PBXTargetDependency */,
			);
			name = EVA3_7_LISTAS_ARCHIVOTests;
			productName = EVA3_7_LISTAS_ARCHIVOTests;
			productReference = 2806C3371EC4C60A00BF3E69 /* EVA3_7_LISTAS_ARCHIVOTests.xctest */;
			productType = "com.apple.product-type.bundle.unit-test";
		};
		2806C3411EC4C60A00BF3E69 /* EVA3_7_LISTAS_ARCHIVOUITests */ = {
			isa = PBXNativeTarget;
			buildConfigurationList = 2806C3511EC4C60A00BF3E69 /* Build configuration list for PBXNativeTarget "EVA3_7_LISTAS_ARCHIVOUITests" */;
			buildPhases = (
				2806C33E1EC4C60A00BF3E69 /* Sources */,
				2806C33F1EC4C60A00BF3E69 /* Frameworks */,
				2806C3401EC4C60A00BF3E69 /* Resources */,
			);
			buildRules = (
			);
			dependencies = (
				2806C3441EC4C60A00BF3E69 /* PBXTargetDependency */,
			);
			name = EVA3_7_LISTAS_ARCHIVOUITests;
			productName = EVA3_7_LISTAS_ARCHIVOUITests;
			productReference = 2806C3421EC4C60A00BF3E69 /* EVA3_7_LISTAS_ARCHIVOUITests.xctest */;
			productType = "com.apple.product-type.bundle.ui-testing";
		};
/* End PBXNativeTarget section */

/* Begin PBXProject section */
		2806C31B1EC4C60300BF3E69 /* Project object */ = {
			isa = PBXProject;
			attributes = {
				LastSwiftUpdateCheck = 0800;
				LastUpgradeCheck = 0800;
				ORGANIZATIONNAME = BRANDON;
				TargetAttributes = {
					2806C3221EC4C60500BF3E69 = {
						CreatedOnToolsVersion = 8.0;
						ProvisioningStyle = Automatic;
					};
					2806C3361EC4C60A00BF3E69 = {
						CreatedOnToolsVersion = 8.0;
						ProvisioningStyle = Automatic;
						TestTargetID = 2806C3221EC4C60500BF3E69;
					};
					2806C3411EC4C60A00BF3E69 = {
						CreatedOnToolsVersion = 8.0;
						ProvisioningStyle = Automatic;
						TestTargetID = 2806C3221EC4C60500BF3E69;
					};
				};
			};
			buildConfigurationList = 2806C31E1EC4C60300BF3E69 /* Build configuration list for PBXProject "EVA3_7_LISTAS_ARCHIVO" */;
			compatibilityVersion = "Xcode 3.2";
			developmentRegion = English;
			hasScannedForEncodings = 0;
			knownRegions = (
				en,
				Base,
			);
			mainGroup = 2806C31A1EC4C60300BF3E69;
			productRefGroup = 2806C3241EC4C60600BF3E69 /* Products */;
			projectDirPath = "";
			projectRoot = "";
			targets = (
				2806C3221EC4C60500BF3E69 /* EVA3_7_LISTAS_ARCHIVO */,
				2806C3361EC4C60A00BF3E69 /* EVA3_7_LISTAS_ARCHIVOTests */,
				2806C3411EC4C60A00BF3E69 /* EVA3_7_LISTAS_ARCHIVOUITests */,
			);
		};
/* End PBXProject section */

/* Begin PBXResourcesBuildPhase section */
		2806C3211EC4C60500BF3E69 /* Resources */ = {
			isa = PBXResourcesBuildPhase;
			buildActionMask = 2147483647;
			files = (
				2806C3551EC4C63800BF3E69 /* sortednames.plist in Resources */,
				2806C3311EC4C60A00BF3E69 /* LaunchScreen.storyboard in Resources */,
				2806C32E1EC4C60600BF3E69 /* Assets.xcassets in Resources */,
				2806C32C1EC4C60600BF3E69 /* Main.storyboard in Resources */,
			);
			runOnlyForDeploymentPostprocessing = 0;
		};
		2806C3351EC4C60A00BF3E69 /* Resources */ = {
			isa = PBXResourcesBuildPhase;
			buildActionMask = 2147483647;
			files = (
			);
			runOnlyForDeploymentPostprocessing = 0;
		};
		2806C3401EC4C60A00BF3E69 /* Resources */ = {
			isa = PBXResourcesBuildPhase;
			buildActionMask = 2147483647;
			files = (
			);
			runOnlyForDeploymentPostprocessing = 0;
		};
/* End PBXResourcesBuildPhase section */

/* Begin PBXSourcesBuildPhase section */
		2806C31F1EC4C60500BF3E69 /* Sources */ = {
			isa = PBXSourcesBuildPhase;
			buildActionMask = 2147483647;
			files = (
				2806C3291EC4C60600BF3E69 /* ViewController.swift in Sources */,
				2806C3271EC4C60600BF3E69 /* AppDelegate.swift in Sources */,
			);
			runOnlyForDeploymentPostprocessing = 0;
		};
		2806C3331EC4C60A00BF3E69 /* Sources */ = {
			isa = PBXSourcesBuildPhase;
			buildActionMask = 2147483647;
			files = (
				2806C33C1EC4C60A00BF3E69 /* EVA3_7_LISTAS_ARCHIVOTests.swift in Sources */,
			);
			runOnlyForDeploymentPostprocessing = 0;
		};
		2806C33E1EC4C60A00BF3E69 /* Sources */ = {
			isa = PBXSourcesBuildPhase;
			buildActionMask = 2147483647;
			files = (
				2806C3471EC4C60A00BF3E69 /* EVA3_7_LISTAS_ARCHIVOUITests.swift in Sources */,
			);
			runOnlyForDeploymentPostprocessing = 0;
		};
/* End PBXSourcesBuildPhase section */

/* Begin PBXTargetDependency section */
		2806C3391EC4C60A00BF3E69 /* PBXTargetDependency */ = {
			isa = PBXTargetDependency;
			target = 2806C3221EC4C60500BF3E69 /* EVA3_7_LISTAS_ARCHIVO */;
			targetProxy = 2806C3381EC4C60A00BF3E69 /* PBXContainerItemProxy */;
		};
		2806C3441EC4C60A00BF3E69 /* PBXTargetDependency */ = {
			isa = PBXTargetDependency;
			target = 2806C3221EC4C60500BF3E69 /* EVA3_7_LISTAS_ARCHIVO */;
			targetProxy = 2806C3431EC4C60A00BF3E69 /* PBXContainerItemProxy */;
		};
/* End PBXTargetDependency section */

/* Begin PBXVariantGroup section */
		2806C32A1EC4C60600BF3E69 /* Main.storyboard */ = {
			isa = PBXVariantGroup;
			children = (
				2806C32B1EC4C60600BF3E69 /* Base */,
			);
			name = Main.storyboard;
			sourceTree = "<group>";
		};
		2806C32F1EC4C60A00BF3E69 /* LaunchScreen.storyboard */ = {
			isa = PBXVariantGroup;
			children = (
				2806C3301EC4C60A00BF3E69 /* Base */,
			);
			name = LaunchScreen.storyboard;
			sourceTree = "<group>";
		};
/* End PBXVariantGroup section */

/* Begin XCBuildConfiguration section */
		2806C3491EC4C60A00BF3E69 /* Debug */ = {
			isa = XCBuildConfiguration;
			buildSettings = {
				ALWAYS_SEARCH_USER_PATHS = NO;
				CLANG_ANALYZER_NONNULL = YES;
				CLANG_CXX_LANGUAGE_STANDARD = "gnu++0x";
				CLANG_CXX_LIBRARY = "libc++";
				CLANG_ENABLE_MODULES = YES;
				CLANG_ENABLE_OBJC_ARC = YES;
				CLANG_WARN_BOOL_CONVERSION = YES;
				CLANG_WARN_CONSTANT_CONVERSION = YES;
				CLANG_WARN_DIRECT_OBJC_ISA_USAGE = YES_ERROR;
				CLANG_WARN_DOCUMENTATION_COMMENTS = YES;
				CLANG_WARN_EMPTY_BODY = YES;
				CLANG_WARN_ENUM_CONVERSION = YES;
				CLANG_WARN_INFINITE_RECURSION = YES;
				CLANG_WARN_INT_CONVERSION = YES;
				CLANG_WARN_OBJC_ROOT_CLASS = YES_ERROR;
				CLANG_WARN_SUSPICIOUS_MOVES = YES;
				CLANG_WARN_UNREACHABLE_CODE = YES;
				CLANG_WARN__DUPLICATE_METHOD_MATCH = YES;
				"CODE_SIGN_IDENTITY[sdk=iphoneos*]" = "iPhone Developer";
				COPY_PHASE_STRIP = NO;
				DEBUG_INFORMATION_FORMAT = dwarf;
				ENABLE_STRICT_OBJC_MSGSEND = YES;
				ENABLE_TESTABILITY = YES;
				GCC_C_LANGUAGE_STANDARD = gnu99;
				GCC_DYNAMIC_NO_PIC = NO;
				GCC_NO_COMMON_BLOCKS = YES;
				GCC_OPTIMIZATION_LEVEL = 0;
				GCC_PREPROCESSOR_DEFINITIONS = (
					"DEBUG=1",
					"$(inherited)",
				);
				GCC_WARN_64_TO_32_BIT_CONVERSION = YES;
				GCC_WARN_ABOUT_RETURN_TYPE = YES_ERROR;
				GCC_WARN_UNDECLARED_SELECTOR = YES;
				GCC_WARN_UNINITIALIZED_AUTOS = YES_AGGRESSIVE;
				GCC_WARN_UNUSED_FUNCTION = YES;
				GCC_WARN_UNUSED_VARIABLE = YES;
				IPHONEOS_DEPLOYMENT_TARGET = 10.0;
				MTL_ENABLE_DEBUG_INFO = YES;
				ONLY_ACTIVE_ARCH = YES;
				SDKROOT = iphoneos;
				SWIFT_ACTIVE_COMPILATION_CONDITIONS = DEBUG;
				SWIFT_OPTIMIZATION_LEVEL = "-Onone";
				TARGETED_DEVICE_FAMILY = "1,2";
			};
			name = Debug;
		};
		2806C34A1EC4C60A00BF3E69 /* Release */ = {
			isa = XCBuildConfiguration;
			buildSettings = {
				ALWAYS_SEARCH_USER_PATHS = NO;
				CLANG_ANALYZER_NONNULL = YES;
				CLANG_CXX_LANGUAGE_STANDARD = "gnu++0x";
				CLANG_CXX_LIBRARY = "libc++";
				CLANG_ENABLE_MODULES = YES;
				CLANG_ENABLE_OBJC_ARC = YES;
				CLANG_WARN_BOOL_CONVERSION = YES;
				CLANG_WARN_CONSTANT_CONVERSION = YES;
				CLANG_WARN_DIRECT_OBJC_ISA_USAGE = YES_ERROR;
				CLANG_WARN_DOCUMENTATION_COMMENTS = YES;
				CLANG_WARN_EMPTY_BODY = YES;
				CLANG_WARN_ENUM_CONVERSION = YES;
				CLANG_WARN_INFINITE_RECURSION = YES;
				CLANG_WARN_INT_CONVERSION = YES;
				CLANG_WARN_OBJC_ROOT_CLASS = YES_ERROR;
				CLANG_WARN_SUSPICIOUS_MOVES = YES;
				CLANG_WARN_UNREACHABLE_CODE = YES;
				CLANG_WARN__DUPLICATE_METHOD_MATCH = YES;
				"CODE_SIGN_IDENTITY[sdk=iphoneos*]" = "iPhone Developer";
				COPY_PHASE_STRIP = NO;
				DEBUG_INFORMATION_FORMAT = "dwarf-with-dsym";
				ENABLE_NS_ASSERTIONS = NO;
				ENABLE_STRICT_OBJC_MSGSEND = YES;
				GCC_C_LANGUAGE_STANDARD = gnu99;
				GCC_NO_COMMON_BLOCKS = YES;
				GCC_WARN_64_TO_32_BIT_CONVERSION = YES;
				GCC_WARN_ABOUT_RETURN_TYPE = YES_ERROR;
				GCC_WARN_UNDECLARED_SELECTOR = YES;
				GCC_WARN_UNINITIALIZED_AUTOS = YES_AGGRESSIVE;
				GCC_WARN_UNUSED_FUNCTION = YES;
				GCC_WARN_UNUSED_VARIABLE = YES;
				IPHONEOS_DEPLOYMENT_TARGET = 10.0;
				MTL_ENABLE_DEBUG_INFO = NO;
				SDKROOT = iphoneos;
				SWIFT_OPTIMIZATION_LEVEL = "-Owholemodule";
				TARGETED_DEVICE_FAMILY = "1,2";
				VALIDATE_PRODUCT = YES;
			};
			name = Release;
		};
		2806C34C1EC4C60A00BF3E69 /* Debug */ = {
			isa = XCBuildConfiguration;
			buildSettings = {
				ASSETCATALOG_COMPILER_APPICON_NAME = AppIcon;
				INFOPLIST_FILE = EVA3_7_LISTAS_ARCHIVO/Info.plist;
				LD_RUNPATH_SEARCH_PATHS = "$(inherited) @executable_path/Frameworks";
				PRODUCT_BUNDLE_IDENTIFIER = "Brindon.AT.EVA3-7-LISTAS-ARCHIVO";
				PRODUCT_NAME = "$(TARGET_NAME)";
				SWIFT_VERSION = 3.0;
			};
			name = Debug;
		};
		2806C34D1EC4C60A00BF3E69 /* Release */ = {
			isa = XCBuildConfiguration;
			buildSettings = {
				ASSETCATALOG_COMPILER_APPICON_NAME = AppIcon;
				INFOPLIST_FILE = EVA3_7_LISTAS_ARCHIVO/Info.plist;
				LD_RUNPATH_SEARCH_PATHS = "$(inherited) @executable_path/Frameworks";
				PRODUCT_BUNDLE_IDENTIFIER = "Brindon.AT.EVA3-7-LISTAS-ARCHIVO";
				PRODUCT_NAME = "$(TARGET_NAME)";
				SWIFT_VERSION = 3.0;
			};
			name = Release;
		};
		2806C34F1EC4C60A00BF3E69 /* Debug */ = {
			isa = XCBuildConfiguration;
			buildSettings = {
				ALWAYS_EMBED_SWIFT_STANDARD_LIBRARIES = YES;
				BUNDLE_LOADER = "$(TEST_HOST)";
				INFOPLIST_FILE = EVA3_7_LISTAS_ARCHIVOTests/Info.plist;
				LD_RUNPATH_SEARCH_PATHS = "$(inherited) @executable_path/Frameworks @loader_path/Frameworks";
				PRODUCT_BUNDLE_IDENTIFIER = "Brindon.AT.EVA3-7-LISTAS-ARCHIVOTests";
				PRODUCT_NAME = "$(TARGET_NAME)";
				SWIFT_VERSION = 3.0;
				TEST_HOST = "$(BUILT_PRODUCTS_DIR)/EVA3_7_LISTAS_ARCHIVO.app/EVA3_7_LISTAS_ARCHIVO";
			};
			name = Debug;
		};
		2806C3501EC4C60A00BF3E69 /* Release */ = {
			isa = XCBuildConfiguration;
			buildSettings = {
				ALWAYS_EMBED_SWIFT_STANDARD_LIBRARIES = YES;
				BUNDLE_LOADER = "$(TEST_HOST)";
				INFOPLIST_FILE = EVA3_7_LISTAS_ARCHIVOTests/Info.plist;
				LD_RUNPATH_SEARCH_PATHS = "$(inherited) @executable_path/Frameworks @loader_path/Frameworks";
				PRODUCT_BUNDLE_IDENTIFIER = "Brindon.AT.EVA3-7-LISTAS-ARCHIVOTests";
				PRODUCT_NAME = "$(TARGET_NAME)";
				SWIFT_VERSION = 3.0;
				TEST_HOST = "$(BUILT_PRODUCTS_DIR)/EVA3_7_LISTAS_ARCHIVO.app/EVA3_7_LISTAS_ARCHIVO";
			};
			name = Release;
		};
		2806C3521EC4C60A00BF3E69 /* Debug */ = {
			isa = XCBuildConfiguration;
			buildSettings = {
				ALWAYS_EMBED_SWIFT_STANDARD_LIBRARIES = YES;
				INFOPLIST_FILE = EVA3_7_LISTAS_ARCHIVOUITests/Info.plist;
				LD_RUNPATH_SEARCH_PATHS = "$(inherited) @executable_path/Frameworks @loader_path/Frameworks";
				PRODUCT_BUNDLE_IDENTIFIER = "Brindon.AT.EVA3-7-LISTAS-ARCHIVOUITests";
				PRODUCT_NAME = "$(TARGET_NAME)";
				SWIFT_VERSION = 3.0;
				TEST_TARGET_NAME = EVA3_7_LISTAS_ARCHIVO;
			};
			name = Debug;
		};
		2806C3531EC4C60A00BF3E69 /* Release */ = {
			isa = XCBuildConfiguration;
			buildSettings = {
				ALWAYS_EMBED_SWIFT_STANDARD_LIBRARIES = YES;
				INFOPLIST_FILE = EVA3_7_LISTAS_ARCHIVOUITests/Info.plist;
				LD_RUNPATH_SEARCH_PATHS = "$(inherited) @executable_path/Frameworks @loader_path/Frameworks";
				PRODUCT_BUNDLE_IDENTIFIER = "Brindon.AT.EVA3-7-LISTAS-ARCHIVOUITests";
				PRODUCT_NAME = "$(TARGET_NAME)";
				SWIFT_VERSION = 3.0;
				TEST_TARGET_NAME = EVA3_7_LISTAS_ARCHIVO;
			};
			name = Release;
		};
/* End XCBuildConfiguration section */

/* Begin XCConfigurationList section */
		2806C31E1EC4C60300BF3E69 /* Build configuration list for PBXProject "EVA3_7_LISTAS_ARCHIVO" */ = {
			isa = XCConfigurationList;
			buildConfigurations = (
				2806C3491EC4C60A00BF3E69 /* Debug */,
				2806C34A1EC4C60A00BF3E69 /* Release */,
			);
			defaultConfigurationIsVisible = 0;
			defaultConfigurationName = Release;
		};
		2806C34B1EC4C60A00BF3E69 /* Build configuration list for PBXNativeTarget "EVA3_7_LISTAS_ARCHIVO" */ = {
			isa = XCConfigurationList;
			buildConfigurations = (
				2806C34C1EC4C60A00BF3E69 /* Debug */,
				2806C34D1EC4C60A00BF3E69 /* Release */,
			);
			defaultConfigurationIsVisible = 0;
		};
		2806C34E1EC4C60A00BF3E69 /* Build configuration list for PBXNativeTarget "EVA3_7_LISTAS_ARCHIVOTests" */ = {
			isa = XCConfigurationList;
			buildConfigurations = (
				2806C34F1EC4C60A00BF3E69 /* Debug */,
				2806C3501EC4C60A00BF3E69 /* Release */,
			);
			defaultConfigurationIsVisible = 0;
		};
		2806C3511EC4C60A00BF3E69 /* Build configuration list for PBXNativeTarget "EVA3_7_LISTAS_ARCHIVOUITests" */ = {
			isa = XCConfigurationList;
			buildConfigurations = (
				2806C3521EC4C60A00BF3E69 /* Debug */,
				2806C3531EC4C60A00BF3E69 /* Release */,
			);
			defaultConfigurationIsVisible = 0;
		};
/* End XCConfigurationList section */
	};
	rootObject = 2806C31B1EC4C60300BF3E69 /* Project object */;
}
