// !$*UTF8*$!
{
	archiveVersion = 1;
	classes = {
	};
	objectVersion = 46;
	objects = {

/* Begin PBXBuildFile section */
		28C3C6F41E576EB2005800BE /* AppDelegate.swift in Sources */ = {isa = PBXBuildFile; fileRef = 28C3C6F31E576EB2005800BE /* AppDelegate.swift */; };
		28C3C6F61E576EB2005800BE /* ViewController.swift in Sources */ = {isa = PBXBuildFile; fileRef = 28C3C6F51E576EB2005800BE /* ViewController.swift */; };
		28C3C6F91E576EB2005800BE /* Main.storyboard in Resources */ = {isa = PBXBuildFile; fileRef = 28C3C6F71E576EB2005800BE /* Main.storyboard */; };
		28C3C6FB1E576EB2005800BE /* Assets.xcassets in Resources */ = {isa = PBXBuildFile; fileRef = 28C3C6FA1E576EB2005800BE /* Assets.xcassets */; };
		28C3C6FE1E576EB2005800BE /* LaunchScreen.storyboard in Resources */ = {isa = PBXBuildFile; fileRef = 28C3C6FC1E576EB2005800BE /* LaunchScreen.storyboard */; };
		28C3C7091E576EB3005800BE /* EVA_1RA_PRACTICA_3Tests.swift in Sources */ = {isa = PBXBuildFile; fileRef = 28C3C7081E576EB3005800BE /* EVA_1RA_PRACTICA_3Tests.swift */; };
		28C3C7141E576EB3005800BE /* EVA_1RA_PRACTICA_3UITests.swift in Sources */ = {isa = PBXBuildFile; fileRef = 28C3C7131E576EB3005800BE /* EVA_1RA_PRACTICA_3UITests.swift */; };
/* End PBXBuildFile section */

/* Begin PBXContainerItemProxy section */
		28C3C7051E576EB3005800BE /* PBXContainerItemProxy */ = {
			isa = PBXContainerItemProxy;
			containerPortal = 28C3C6E81E576EB2005800BE /* Project object */;
			proxyType = 1;
			remoteGlobalIDString = 28C3C6EF1E576EB2005800BE;
			remoteInfo = EVA_1RA_PRACTICA_3;
		};
		28C3C7101E576EB3005800BE /* PBXContainerItemProxy */ = {
			isa = PBXContainerItemProxy;
			containerPortal = 28C3C6E81E576EB2005800BE /* Project object */;
			proxyType = 1;
			remoteGlobalIDString = 28C3C6EF1E576EB2005800BE;
			remoteInfo = EVA_1RA_PRACTICA_3;
		};
/* End PBXContainerItemProxy section */

/* Begin PBXFileReference section */
		28C3C6F01E576EB2005800BE /* EVA_1RA_PRACTICA_3.app */ = {isa = PBXFileReference; explicitFileType = wrapper.application; includeInIndex = 0; path = EVA_1RA_PRACTICA_3.app; sourceTree = BUILT_PRODUCTS_DIR; };
		28C3C6F31E576EB2005800BE /* AppDelegate.swift */ = {isa = PBXFileReference; lastKnownFileType = sourcecode.swift; path = AppDelegate.swift; sourceTree = "<group>"; };
		28C3C6F51E576EB2005800BE /* ViewController.swift */ = {isa = PBXFileReference; lastKnownFileType = sourcecode.swift; path = ViewController.swift; sourceTree = "<group>"; };
		28C3C6F81E576EB2005800BE /* Base */ = {isa = PBXFileReference; lastKnownFileType = file.storyboard; name = Base; path = Base.lproj/Main.storyboard; sourceTree = "<group>"; };
		28C3C6FA1E576EB2005800BE /* Assets.xcassets */ = {isa = PBXFileReference; lastKnownFileType = folder.assetcatalog; path = Assets.xcassets; sourceTree = "<group>"; };
		28C3C6FD1E576EB2005800BE /* Base */ = {isa = PBXFileReference; lastKnownFileType = file.storyboard; name = Base; path = Base.lproj/LaunchScreen.storyboard; sourceTree = "<group>"; };
		28C3C6FF1E576EB2005800BE /* Info.plist */ = {isa = PBXFileReference; lastKnownFileType = text.plist.xml; path = Info.plist; sourceTree = "<group>"; };
		28C3C7041E576EB3005800BE /* EVA_1RA_PRACTICA_3Tests.xctest */ = {isa = PBXFileReference; explicitFileType = wrapper.cfbundle; includeInIndex = 0; path = EVA_1RA_PRACTICA_3Tests.xctest; sourceTree = BUILT_PRODUCTS_DIR; };
		28C3C7081E576EB3005800BE /* EVA_1RA_PRACTICA_3Tests.swift */ = {isa = PBXFileReference; lastKnownFileType = sourcecode.swift; path = EVA_1RA_PRACTICA_3Tests.swift; sourceTree = "<group>"; };
		28C3C70A1E576EB3005800BE /* Info.plist */ = {isa = PBXFileReference; lastKnownFileType = text.plist.xml; path = Info.plist; sourceTree = "<group>"; };
		28C3C70F1E576EB3005800BE /* EVA_1RA_PRACTICA_3UITests.xctest */ = {isa = PBXFileReference; explicitFileType = wrapper.cfbundle; includeInIndex = 0; path = EVA_1RA_PRACTICA_3UITests.xctest; sourceTree = BUILT_PRODUCTS_DIR; };
		28C3C7131E576EB3005800BE /* EVA_1RA_PRACTICA_3UITests.swift */ = {isa = PBXFileReference; lastKnownFileType = sourcecode.swift; path = EVA_1RA_PRACTICA_3UITests.swift; sourceTree = "<group>"; };
		28C3C7151E576EB3005800BE /* Info.plist */ = {isa = PBXFileReference; lastKnownFileType = text.plist.xml; path = Info.plist; sourceTree = "<group>"; };
/* End PBXFileReference section */

/* Begin PBXFrameworksBuildPhase section */
		28C3C6ED1E576EB2005800BE /* Frameworks */ = {
			isa = PBXFrameworksBuildPhase;
			buildActionMask = 2147483647;
			files = (
			);
			runOnlyForDeploymentPostprocessing = 0;
		};
		28C3C7011E576EB3005800BE /* Frameworks */ = {
			isa = PBXFrameworksBuildPhase;
			buildActionMask = 2147483647;
			files = (
			);
			runOnlyForDeploymentPostprocessing = 0;
		};
		28C3C70C1E576EB3005800BE /* Frameworks */ = {
			isa = PBXFrameworksBuildPhase;
			buildActionMask = 2147483647;
			files = (
			);
			runOnlyForDeploymentPostprocessing = 0;
		};
/* End PBXFrameworksBuildPhase section */

/* Begin PBXGroup section */
		28C3C6E71E576EB2005800BE = {
			isa = PBXGroup;
			children = (
				28C3C6F21E576EB2005800BE /* EVA_1RA_PRACTICA_3 */,
				28C3C7071E576EB3005800BE /* EVA_1RA_PRACTICA_3Tests */,
				28C3C7121E576EB3005800BE /* EVA_1RA_PRACTICA_3UITests */,
				28C3C6F11E576EB2005800BE /* Products */,
			);
			sourceTree = "<group>";
		};
		28C3C6F11E576EB2005800BE /* Products */ = {
			isa = PBXGroup;
			children = (
				28C3C6F01E576EB2005800BE /* EVA_1RA_PRACTICA_3.app */,
				28C3C7041E576EB3005800BE /* EVA_1RA_PRACTICA_3Tests.xctest */,
				28C3C70F1E576EB3005800BE /* EVA_1RA_PRACTICA_3UITests.xctest */,
			);
			name = Products;
			sourceTree = "<group>";
		};
		28C3C6F21E576EB2005800BE /* EVA_1RA_PRACTICA_3 */ = {
			isa = PBXGroup;
			children = (
				28C3C6F31E576EB2005800BE /* AppDelegate.swift */,
				28C3C6F51E576EB2005800BE /* ViewController.swift */,
				28C3C6F71E576EB2005800BE /* Main.storyboard */,
				28C3C6FA1E576EB2005800BE /* Assets.xcassets */,
				28C3C6FC1E576EB2005800BE /* LaunchScreen.storyboard */,
				28C3C6FF1E576EB2005800BE /* Info.plist */,
			);
			path = EVA_1RA_PRACTICA_3;
			sourceTree = "<group>";
		};
		28C3C7071E576EB3005800BE /* EVA_1RA_PRACTICA_3Tests */ = {
			isa = PBXGroup;
			children = (
				28C3C7081E576EB3005800BE /* EVA_1RA_PRACTICA_3Tests.swift */,
				28C3C70A1E576EB3005800BE /* Info.plist */,
			);
			path = EVA_1RA_PRACTICA_3Tests;
			sourceTree = "<group>";
		};
		28C3C7121E576EB3005800BE /* EVA_1RA_PRACTICA_3UITests */ = {
			isa = PBXGroup;
			children = (
				28C3C7131E576EB3005800BE /* EVA_1RA_PRACTICA_3UITests.swift */,
				28C3C7151E576EB3005800BE /* Info.plist */,
			);
			path = EVA_1RA_PRACTICA_3UITests;
			sourceTree = "<group>";
		};
/* End PBXGroup section */

/* Begin PBXNativeTarget section */
		28C3C6EF1E576EB2005800BE /* EVA_1RA_PRACTICA_3 */ = {
			isa = PBXNativeTarget;
			buildConfigurationList = 28C3C7181E576EB3005800BE /* Build configuration list for PBXNativeTarget "EVA_1RA_PRACTICA_3" */;
			buildPhases = (
				28C3C6EC1E576EB2005800BE /* Sources */,
				28C3C6ED1E576EB2005800BE /* Frameworks */,
				28C3C6EE1E576EB2005800BE /* Resources */,
			);
			buildRules = (
			);
			dependencies = (
			);
			name = EVA_1RA_PRACTICA_3;
			productName = EVA_1RA_PRACTICA_3;
			productReference = 28C3C6F01E576EB2005800BE /* EVA_1RA_PRACTICA_3.app */;
			productType = "com.apple.product-type.application";
		};
		28C3C7031E576EB3005800BE /* EVA_1RA_PRACTICA_3Tests */ = {
			isa = PBXNativeTarget;
			buildConfigurationList = 28C3C71B1E576EB3005800BE /* Build configuration list for PBXNativeTarget "EVA_1RA_PRACTICA_3Tests" */;
			buildPhases = (
				28C3C7001E576EB3005800BE /* Sources */,
				28C3C7011E576EB3005800BE /* Frameworks */,
				28C3C7021E576EB3005800BE /* Resources */,
			);
			buildRules = (
			);
			dependencies = (
				28C3C7061E576EB3005800BE /* PBXTargetDependency */,
			);
			name = EVA_1RA_PRACTICA_3Tests;
			productName = EVA_1RA_PRACTICA_3Tests;
			productReference = 28C3C7041E576EB3005800BE /* EVA_1RA_PRACTICA_3Tests.xctest */;
			productType = "com.apple.product-type.bundle.unit-test";
		};
		28C3C70E1E576EB3005800BE /* EVA_1RA_PRACTICA_3UITests */ = {
			isa = PBXNativeTarget;
			buildConfigurationList = 28C3C71E1E576EB3005800BE /* Build configuration list for PBXNativeTarget "EVA_1RA_PRACTICA_3UITests" */;
			buildPhases = (
				28C3C70B1E576EB3005800BE /* Sources */,
				28C3C70C1E576EB3005800BE /* Frameworks */,
				28C3C70D1E576EB3005800BE /* Resources */,
			);
			buildRules = (
			);
			dependencies = (
				28C3C7111E576EB3005800BE /* PBXTargetDependency */,
			);
			name = EVA_1RA_PRACTICA_3UITests;
			productName = EVA_1RA_PRACTICA_3UITests;
			productReference = 28C3C70F1E576EB3005800BE /* EVA_1RA_PRACTICA_3UITests.xctest */;
			productType = "com.apple.product-type.bundle.ui-testing";
		};
/* End PBXNativeTarget section */

/* Begin PBXProject section */
		28C3C6E81E576EB2005800BE /* Project object */ = {
			isa = PBXProject;
			attributes = {
				LastSwiftUpdateCheck = 0800;
				LastUpgradeCheck = 0800;
				ORGANIZATIONNAME = BRANDON;
				TargetAttributes = {
					28C3C6EF1E576EB2005800BE = {
						CreatedOnToolsVersion = 8.0;
						ProvisioningStyle = Automatic;
					};
					28C3C7031E576EB3005800BE = {
						CreatedOnToolsVersion = 8.0;
						ProvisioningStyle = Automatic;
						TestTargetID = 28C3C6EF1E576EB2005800BE;
					};
					28C3C70E1E576EB3005800BE = {
						CreatedOnToolsVersion = 8.0;
						ProvisioningStyle = Automatic;
						TestTargetID = 28C3C6EF1E576EB2005800BE;
					};
				};
			};
			buildConfigurationList = 28C3C6EB1E576EB2005800BE /* Build configuration list for PBXProject "EVA_1RA_PRACTICA_3" */;
			compatibilityVersion = "Xcode 3.2";
			developmentRegion = English;
			hasScannedForEncodings = 0;
			knownRegions = (
				en,
				Base,
			);
			mainGroup = 28C3C6E71E576EB2005800BE;
			productRefGroup = 28C3C6F11E576EB2005800BE /* Products */;
			projectDirPath = "";
			projectRoot = "";
			targets = (
				28C3C6EF1E576EB2005800BE /* EVA_1RA_PRACTICA_3 */,
				28C3C7031E576EB3005800BE /* EVA_1RA_PRACTICA_3Tests */,
				28C3C70E1E576EB3005800BE /* EVA_1RA_PRACTICA_3UITests */,
			);
		};
/* End PBXProject section */

/* Begin PBXResourcesBuildPhase section */
		28C3C6EE1E576EB2005800BE /* Resources */ = {
			isa = PBXResourcesBuildPhase;
			buildActionMask = 2147483647;
			files = (
				28C3C6FE1E576EB2005800BE /* LaunchScreen.storyboard in Resources */,
				28C3C6FB1E576EB2005800BE /* Assets.xcassets in Resources */,
				28C3C6F91E576EB2005800BE /* Main.storyboard in Resources */,
			);
			runOnlyForDeploymentPostprocessing = 0;
		};
		28C3C7021E576EB3005800BE /* Resources */ = {
			isa = PBXResourcesBuildPhase;
			buildActionMask = 2147483647;
			files = (
			);
			runOnlyForDeploymentPostprocessing = 0;
		};
		28C3C70D1E576EB3005800BE /* Resources */ = {
			isa = PBXResourcesBuildPhase;
			buildActionMask = 2147483647;
			files = (
			);
			runOnlyForDeploymentPostprocessing = 0;
		};
/* End PBXResourcesBuildPhase section */

/* Begin PBXSourcesBuildPhase section */
		28C3C6EC1E576EB2005800BE /* Sources */ = {
			isa = PBXSourcesBuildPhase;
			buildActionMask = 2147483647;
			files = (
				28C3C6F61E576EB2005800BE /* ViewController.swift in Sources */,
				28C3C6F41E576EB2005800BE /* AppDelegate.swift in Sources */,
			);
			runOnlyForDeploymentPostprocessing = 0;
		};
		28C3C7001E576EB3005800BE /* Sources */ = {
			isa = PBXSourcesBuildPhase;
			buildActionMask = 2147483647;
			files = (
				28C3C7091E576EB3005800BE /* EVA_1RA_PRACTICA_3Tests.swift in Sources */,
			);
			runOnlyForDeploymentPostprocessing = 0;
		};
		28C3C70B1E576EB3005800BE /* Sources */ = {
			isa = PBXSourcesBuildPhase;
			buildActionMask = 2147483647;
			files = (
				28C3C7141E576EB3005800BE /* EVA_1RA_PRACTICA_3UITests.swift in Sources */,
			);
			runOnlyForDeploymentPostprocessing = 0;
		};
/* End PBXSourcesBuildPhase section */

/* Begin PBXTargetDependency section */
		28C3C7061E576EB3005800BE /* PBXTargetDependency */ = {
			isa = PBXTargetDependency;
			target = 28C3C6EF1E576EB2005800BE /* EVA_1RA_PRACTICA_3 */;
			targetProxy = 28C3C7051E576EB3005800BE /* PBXContainerItemProxy */;
		};
		28C3C7111E576EB3005800BE /* PBXTargetDependency */ = {
			isa = PBXTargetDependency;
			target = 28C3C6EF1E576EB2005800BE /* EVA_1RA_PRACTICA_3 */;
			targetProxy = 28C3C7101E576EB3005800BE /* PBXContainerItemProxy */;
		};
/* End PBXTargetDependency section */

/* Begin PBXVariantGroup section */
		28C3C6F71E576EB2005800BE /* Main.storyboard */ = {
			isa = PBXVariantGroup;
			children = (
				28C3C6F81E576EB2005800BE /* Base */,
			);
			name = Main.storyboard;
			sourceTree = "<group>";
		};
		28C3C6FC1E576EB2005800BE /* LaunchScreen.storyboard */ = {
			isa = PBXVariantGroup;
			children = (
				28C3C6FD1E576EB2005800BE /* Base */,
			);
			name = LaunchScreen.storyboard;
			sourceTree = "<group>";
		};
/* End PBXVariantGroup section */

/* Begin XCBuildConfiguration section */
		28C3C7161E576EB3005800BE /* Debug */ = {
			isa = XCBuildConfiguration;
			buildSettings = {
				ALWAYS_SEARCH_USER_PATHS = NO;
				CLANG_ANALYZER_NONNULL = YES;
				CLANG_CXX_LANGUAGE_STANDARD = "gnu++0x";
				CLANG_CXX_LIBRARY = "libc++";
				CLANG_ENABLE_MODULES = YES;
				CLANG_ENABLE_OBJC_ARC = YES;
				CLANG_WARN_BOOL_CONVERSION = YES;
				CLANG_WARN_CONSTANT_CONVERSION = YES;
				CLANG_WARN_DIRECT_OBJC_ISA_USAGE = YES_ERROR;
				CLANG_WARN_DOCUMENTATION_COMMENTS = YES;
				CLANG_WARN_EMPTY_BODY = YES;
				CLANG_WARN_ENUM_CONVERSION = YES;
				CLANG_WARN_INFINITE_RECURSION = YES;
				CLANG_WARN_INT_CONVERSION = YES;
				CLANG_WARN_OBJC_ROOT_CLASS = YES_ERROR;
				CLANG_WARN_SUSPICIOUS_MOVES = YES;
				CLANG_WARN_UNREACHABLE_CODE = YES;
				CLANG_WARN__DUPLICATE_METHOD_MATCH = YES;
				"CODE_SIGN_IDENTITY[sdk=iphoneos*]" = "iPhone Developer";
				COPY_PHASE_STRIP = NO;
				DEBUG_INFORMATION_FORMAT = dwarf;
				ENABLE_STRICT_OBJC_MSGSEND = YES;
				ENABLE_TESTABILITY = YES;
				GCC_C_LANGUAGE_STANDARD = gnu99;
				GCC_DYNAMIC_NO_PIC = NO;
				GCC_NO_COMMON_BLOCKS = YES;
				GCC_OPTIMIZATION_LEVEL = 0;
				GCC_PREPROCESSOR_DEFINITIONS = (
					"DEBUG=1",
					"$(inherited)",
				);
				GCC_WARN_64_TO_32_BIT_CONVERSION = YES;
				GCC_WARN_ABOUT_RETURN_TYPE = YES_ERROR;
				GCC_WARN_UNDECLARED_SELECTOR = YES;
				GCC_WARN_UNINITIALIZED_AUTOS = YES_AGGRESSIVE;
				GCC_WARN_UNUSED_FUNCTION = YES;
				GCC_WARN_UNUSED_VARIABLE = YES;
				IPHONEOS_DEPLOYMENT_TARGET = 10.0;
				MTL_ENABLE_DEBUG_INFO = YES;
				ONLY_ACTIVE_ARCH = YES;
				SDKROOT = iphoneos;
				SWIFT_ACTIVE_COMPILATION_CONDITIONS = DEBUG;
				SWIFT_OPTIMIZATION_LEVEL = "-Onone";
				TARGETED_DEVICE_FAMILY = "1,2";
			};
			name = Debug;
		};
		28C3C7171E576EB3005800BE /* Release */ = {
			isa = XCBuildConfiguration;
			buildSettings = {
				ALWAYS_SEARCH_USER_PATHS = NO;
				CLANG_ANALYZER_NONNULL = YES;
				CLANG_CXX_LANGUAGE_STANDARD = "gnu++0x";
				CLANG_CXX_LIBRARY = "libc++";
				CLANG_ENABLE_MODULES = YES;
				CLANG_ENABLE_OBJC_ARC = YES;
				CLANG_WARN_BOOL_CONVERSION = YES;
				CLANG_WARN_CONSTANT_CONVERSION = YES;
				CLANG_WARN_DIRECT_OBJC_ISA_USAGE = YES_ERROR;
				CLANG_WARN_DOCUMENTATION_COMMENTS = YES;
				CLANG_WARN_EMPTY_BODY = YES;
				CLANG_WARN_ENUM_CONVERSION = YES;
				CLANG_WARN_INFINITE_RECURSION = YES;
				CLANG_WARN_INT_CONVERSION = YES;
				CLANG_WARN_OBJC_ROOT_CLASS = YES_ERROR;
				CLANG_WARN_SUSPICIOUS_MOVES = YES;
				CLANG_WARN_UNREACHABLE_CODE = YES;
				CLANG_WARN__DUPLICATE_METHOD_MATCH = YES;
				"CODE_SIGN_IDENTITY[sdk=iphoneos*]" = "iPhone Developer";
				COPY_PHASE_STRIP = NO;
				DEBUG_INFORMATION_FORMAT = "dwarf-with-dsym";
				ENABLE_NS_ASSERTIONS = NO;
				ENABLE_STRICT_OBJC_MSGSEND = YES;
				GCC_C_LANGUAGE_STANDARD = gnu99;
				GCC_NO_COMMON_BLOCKS = YES;
				GCC_WARN_64_TO_32_BIT_CONVERSION = YES;
				GCC_WARN_ABOUT_RETURN_TYPE = YES_ERROR;
				GCC_WARN_UNDECLARED_SELECTOR = YES;
				GCC_WARN_UNINITIALIZED_AUTOS = YES_AGGRESSIVE;
				GCC_WARN_UNUSED_FUNCTION = YES;
				GCC_WARN_UNUSED_VARIABLE = YES;
				IPHONEOS_DEPLOYMENT_TARGET = 10.0;
				MTL_ENABLE_DEBUG_INFO = NO;
				SDKROOT = iphoneos;
				SWIFT_OPTIMIZATION_LEVEL = "-Owholemodule";
				TARGETED_DEVICE_FAMILY = "1,2";
				VALIDATE_PRODUCT = YES;
			};
			name = Release;
		};
		28C3C7191E576EB3005800BE /* Debug */ = {
			isa = XCBuildConfiguration;
			buildSettings = {
				ASSETCATALOG_COMPILER_APPICON_NAME = AppIcon;
				INFOPLIST_FILE = EVA_1RA_PRACTICA_3/Info.plist;
				LD_RUNPATH_SEARCH_PATHS = "$(inherited) @executable_path/Frameworks";
				PRODUCT_BUNDLE_IDENTIFIER = "Brindon.AT.EVA-1RA-PRACTICA-3";
				PRODUCT_NAME = "$(TARGET_NAME)";
				SWIFT_VERSION = 3.0;
			};
			name = Debug;
		};
		28C3C71A1E576EB3005800BE /* Release */ = {
			isa = XCBuildConfiguration;
			buildSettings = {
				ASSETCATALOG_COMPILER_APPICON_NAME = AppIcon;
				INFOPLIST_FILE = EVA_1RA_PRACTICA_3/Info.plist;
				LD_RUNPATH_SEARCH_PATHS = "$(inherited) @executable_path/Frameworks";
				PRODUCT_BUNDLE_IDENTIFIER = "Brindon.AT.EVA-1RA-PRACTICA-3";
				PRODUCT_NAME = "$(TARGET_NAME)";
				SWIFT_VERSION = 3.0;
			};
			name = Release;
		};
		28C3C71C1E576EB3005800BE /* Debug */ = {
			isa = XCBuildConfiguration;
			buildSettings = {
				ALWAYS_EMBED_SWIFT_STANDARD_LIBRARIES = YES;
				BUNDLE_LOADER = "$(TEST_HOST)";
				INFOPLIST_FILE = EVA_1RA_PRACTICA_3Tests/Info.plist;
				LD_RUNPATH_SEARCH_PATHS = "$(inherited) @executable_path/Frameworks @loader_path/Frameworks";
				PRODUCT_BUNDLE_IDENTIFIER = "Brindon.AT.EVA-1RA-PRACTICA-3Tests";
				PRODUCT_NAME = "$(TARGET_NAME)";
				SWIFT_VERSION = 3.0;
				TEST_HOST = "$(BUILT_PRODUCTS_DIR)/EVA_1RA_PRACTICA_3.app/EVA_1RA_PRACTICA_3";
			};
			name = Debug;
		};
		28C3C71D1E576EB3005800BE /* Release */ = {
			isa = XCBuildConfiguration;
			buildSettings = {
				ALWAYS_EMBED_SWIFT_STANDARD_LIBRARIES = YES;
				BUNDLE_LOADER = "$(TEST_HOST)";
				INFOPLIST_FILE = EVA_1RA_PRACTICA_3Tests/Info.plist;
				LD_RUNPATH_SEARCH_PATHS = "$(inherited) @executable_path/Frameworks @loader_path/Frameworks";
				PRODUCT_BUNDLE_IDENTIFIER = "Brindon.AT.EVA-1RA-PRACTICA-3Tests";
				PRODUCT_NAME = "$(TARGET_NAME)";
				SWIFT_VERSION = 3.0;
				TEST_HOST = "$(BUILT_PRODUCTS_DIR)/EVA_1RA_PRACTICA_3.app/EVA_1RA_PRACTICA_3";
			};
			name = Release;
		};
		28C3C71F1E576EB3005800BE /* Debug */ = {
			isa = XCBuildConfiguration;
			buildSettings = {
				ALWAYS_EMBED_SWIFT_STANDARD_LIBRARIES = YES;
				INFOPLIST_FILE = EVA_1RA_PRACTICA_3UITests/Info.plist;
				LD_RUNPATH_SEARCH_PATHS = "$(inherited) @executable_path/Frameworks @loader_path/Frameworks";
				PRODUCT_BUNDLE_IDENTIFIER = "Brindon.AT.EVA-1RA-PRACTICA-3UITests";
				PRODUCT_NAME = "$(TARGET_NAME)";
				SWIFT_VERSION = 3.0;
				TEST_TARGET_NAME = EVA_1RA_PRACTICA_3;
			};
			name = Debug;
		};
		28C3C7201E576EB3005800BE /* Release */ = {
			isa = XCBuildConfiguration;
			buildSettings = {
				ALWAYS_EMBED_SWIFT_STANDARD_LIBRARIES = YES;
				INFOPLIST_FILE = EVA_1RA_PRACTICA_3UITests/Info.plist;
				LD_RUNPATH_SEARCH_PATHS = "$(inherited) @executable_path/Frameworks @loader_path/Frameworks";
				PRODUCT_BUNDLE_IDENTIFIER = "Brindon.AT.EVA-1RA-PRACTICA-3UITests";
				PRODUCT_NAME = "$(TARGET_NAME)";
				SWIFT_VERSION = 3.0;
				TEST_TARGET_NAME = EVA_1RA_PRACTICA_3;
			};
			name = Release;
		};
/* End XCBuildConfiguration section */

/* Begin XCConfigurationList section */
		28C3C6EB1E576EB2005800BE /* Build configuration list for PBXProject "EVA_1RA_PRACTICA_3" */ = {
			isa = XCConfigurationList;
			buildConfigurations = (
				28C3C7161E576EB3005800BE /* Debug */,
				28C3C7171E576EB3005800BE /* Release */,
			);
			defaultConfigurationIsVisible = 0;
			defaultConfigurationName = Release;
		};
		28C3C7181E576EB3005800BE /* Build configuration list for PBXNativeTarget "EVA_1RA_PRACTICA_3" */ = {
			isa = XCConfigurationList;
			buildConfigurations = (
				28C3C7191E576EB3005800BE /* Debug */,
				28C3C71A1E576EB3005800BE /* Release */,
			);
			defaultConfigurationIsVisible = 0;
		};
		28C3C71B1E576EB3005800BE /* Build configuration list for PBXNativeTarget "EVA_1RA_PRACTICA_3Tests" */ = {
			isa = XCConfigurationList;
			buildConfigurations = (
				28C3C71C1E576EB3005800BE /* Debug */,
				28C3C71D1E576EB3005800BE /* Release */,
			);
			defaultConfigurationIsVisible = 0;
		};
		28C3C71E1E576EB3005800BE /* Build configuration list for PBXNativeTarget "EVA_1RA_PRACTICA_3UITests" */ = {
			isa = XCConfigurationList;
			buildConfigurations = (
				28C3C71F1E576EB3005800BE /* Debug */,
				28C3C7201E576EB3005800BE /* Release */,
			);
			defaultConfigurationIsVisible = 0;
		};
/* End XCConfigurationList section */
	};
	rootObject = 28C3C6E81E576EB2005800BE /* Project object */;
}
