// !$*UTF8*$!
{
	archiveVersion = 1;
	classes = {
	};
	objectVersion = 46;
	objects = {

/* Begin PBXBuildFile section */
		831E244F1E96A4830099E649 /* AppDelegate.swift in Sources */ = {isa = PBXBuildFile; fileRef = 831E244E1E96A4830099E649 /* AppDelegate.swift */; };
		831E24511E96A4840099E649 /* ViewController.swift in Sources */ = {isa = PBXBuildFile; fileRef = 831E24501E96A4830099E649 /* ViewController.swift */; };
		831E24541E96A4840099E649 /* Main.storyboard in Resources */ = {isa = PBXBuildFile; fileRef = 831E24521E96A4840099E649 /* Main.storyboard */; };
		831E24561E96A4840099E649 /* Assets.xcassets in Resources */ = {isa = PBXBuildFile; fileRef = 831E24551E96A4840099E649 /* Assets.xcassets */; };
		831E24591E96A4840099E649 /* LaunchScreen.storyboard in Resources */ = {isa = PBXBuildFile; fileRef = 831E24571E96A4840099E649 /* LaunchScreen.storyboard */; };
/* End PBXBuildFile section */

/* Begin PBXFileReference section */
		831E244B1E96A4830099E649 /* 2DA_EVA_PRACTICA5.app */ = {isa = PBXFileReference; explicitFileType = wrapper.application; includeInIndex = 0; path = 2DA_EVA_PRACTICA5.app; sourceTree = BUILT_PRODUCTS_DIR; };
		831E244E1E96A4830099E649 /* AppDelegate.swift */ = {isa = PBXFileReference; lastKnownFileType = sourcecode.swift; path = AppDelegate.swift; sourceTree = "<group>"; };
		831E24501E96A4830099E649 /* ViewController.swift */ = {isa = PBXFileReference; lastKnownFileType = sourcecode.swift; path = ViewController.swift; sourceTree = "<group>"; };
		831E24531E96A4840099E649 /* Base */ = {isa = PBXFileReference; lastKnownFileType = file.storyboard; name = Base; path = Base.lproj/Main.storyboard; sourceTree = "<group>"; };
		831E24551E96A4840099E649 /* Assets.xcassets */ = {isa = PBXFileReference; lastKnownFileType = folder.assetcatalog; path = Assets.xcassets; sourceTree = "<group>"; };
		831E24581E96A4840099E649 /* Base */ = {isa = PBXFileReference; lastKnownFileType = file.storyboard; name = Base; path = Base.lproj/LaunchScreen.storyboard; sourceTree = "<group>"; };
		831E245A1E96A4840099E649 /* Info.plist */ = {isa = PBXFileReference; lastKnownFileType = text.plist.xml; path = Info.plist; sourceTree = "<group>"; };
/* End PBXFileReference section */

/* Begin PBXFrameworksBuildPhase section */
		831E24481E96A4830099E649 /* Frameworks */ = {
			isa = PBXFrameworksBuildPhase;
			buildActionMask = 2147483647;
			files = (
			);
			runOnlyForDeploymentPostprocessing = 0;
		};
/* End PBXFrameworksBuildPhase section */

/* Begin PBXGroup section */
		831E24421E96A4810099E649 = {
			isa = PBXGroup;
			children = (
				831E244D1E96A4830099E649 /* 2DA_EVA_PRACTICA5 */,
				831E244C1E96A4830099E649 /* Products */,
			);
			sourceTree = "<group>";
		};
		831E244C1E96A4830099E649 /* Products */ = {
			isa = PBXGroup;
			children = (
				831E244B1E96A4830099E649 /* 2DA_EVA_PRACTICA5.app */,
			);
			name = Products;
			sourceTree = "<group>";
		};
		831E244D1E96A4830099E649 /* 2DA_EVA_PRACTICA5 */ = {
			isa = PBXGroup;
			children = (
				831E244E1E96A4830099E649 /* AppDelegate.swift */,
				831E24501E96A4830099E649 /* ViewController.swift */,
				831E24521E96A4840099E649 /* Main.storyboard */,
				831E24551E96A4840099E649 /* Assets.xcassets */,
				831E24571E96A4840099E649 /* LaunchScreen.storyboard */,
				831E245A1E96A4840099E649 /* Info.plist */,
			);
			path = 2DA_EVA_PRACTICA5;
			sourceTree = "<group>";
		};
/* End PBXGroup section */

/* Begin PBXNativeTarget section */
		831E244A1E96A4830099E649 /* 2DA_EVA_PRACTICA5 */ = {
			isa = PBXNativeTarget;
			buildConfigurationList = 831E245D1E96A4840099E649 /* Build configuration list for PBXNativeTarget "2DA_EVA_PRACTICA5" */;
			buildPhases = (
				831E24471E96A4830099E649 /* Sources */,
				831E24481E96A4830099E649 /* Frameworks */,
				831E24491E96A4830099E649 /* Resources */,
			);
			buildRules = (
			);
			dependencies = (
			);
			name = 2DA_EVA_PRACTICA5;
			productName = 2DA_EVA_PRACTICA5;
			productReference = 831E244B1E96A4830099E649 /* 2DA_EVA_PRACTICA5.app */;
			productType = "com.apple.product-type.application";
		};
/* End PBXNativeTarget section */

/* Begin PBXProject section */
		831E24431E96A4830099E649 /* Project object */ = {
			isa = PBXProject;
			attributes = {
				LastSwiftUpdateCheck = 0800;
				LastUpgradeCheck = 0800;
				ORGANIZATIONNAME = administrador;
				TargetAttributes = {
					831E244A1E96A4830099E649 = {
						CreatedOnToolsVersion = 8.0;
						ProvisioningStyle = Automatic;
					};
				};
			};
			buildConfigurationList = 831E24461E96A4830099E649 /* Build configuration list for PBXProject "2DA_EVA_PRACTICA5" */;
			compatibilityVersion = "Xcode 3.2";
			developmentRegion = English;
			hasScannedForEncodings = 0;
			knownRegions = (
				en,
				Base,
			);
			mainGroup = 831E24421E96A4810099E649;
			productRefGroup = 831E244C1E96A4830099E649 /* Products */;
			projectDirPath = "";
			projectRoot = "";
			targets = (
				831E244A1E96A4830099E649 /* 2DA_EVA_PRACTICA5 */,
			);
		};
/* End PBXProject section */

/* Begin PBXResourcesBuildPhase section */
		831E24491E96A4830099E649 /* Resources */ = {
			isa = PBXResourcesBuildPhase;
			buildActionMask = 2147483647;
			files = (
				831E24591E96A4840099E649 /* LaunchScreen.storyboard in Resources */,
				831E24561E96A4840099E649 /* Assets.xcassets in Resources */,
				831E24541E96A4840099E649 /* Main.storyboard in Resources */,
			);
			runOnlyForDeploymentPostprocessing = 0;
		};
/* End PBXResourcesBuildPhase section */

/* Begin PBXSourcesBuildPhase section */
		831E24471E96A4830099E649 /* Sources */ = {
			isa = PBXSourcesBuildPhase;
			buildActionMask = 2147483647;
			files = (
				831E24511E96A4840099E649 /* ViewController.swift in Sources */,
				831E244F1E96A4830099E649 /* AppDelegate.swift in Sources */,
			);
			runOnlyForDeploymentPostprocessing = 0;
		};
/* End PBXSourcesBuildPhase section */

/* Begin PBXVariantGroup section */
		831E24521E96A4840099E649 /* Main.storyboard */ = {
			isa = PBXVariantGroup;
			children = (
				831E24531E96A4840099E649 /* Base */,
			);
			name = Main.storyboard;
			sourceTree = "<group>";
		};
		831E24571E96A4840099E649 /* LaunchScreen.storyboard */ = {
			isa = PBXVariantGroup;
			children = (
				831E24581E96A4840099E649 /* Base */,
			);
			name = LaunchScreen.storyboard;
			sourceTree = "<group>";
		};
/* End PBXVariantGroup section */

/* Begin XCBuildConfiguration section */
		831E245B1E96A4840099E649 /* Debug */ = {
			isa = XCBuildConfiguration;
			buildSettings = {
				ALWAYS_SEARCH_USER_PATHS = NO;
				CLANG_ANALYZER_NONNULL = YES;
				CLANG_CXX_LANGUAGE_STANDARD = "gnu++0x";
				CLANG_CXX_LIBRARY = "libc++";
				CLANG_ENABLE_MODULES = YES;
				CLANG_ENABLE_OBJC_ARC = YES;
				CLANG_WARN_BOOL_CONVERSION = YES;
				CLANG_WARN_CONSTANT_CONVERSION = YES;
				CLANG_WARN_DIRECT_OBJC_ISA_USAGE = YES_ERROR;
				CLANG_WARN_DOCUMENTATION_COMMENTS = YES;
				CLANG_WARN_EMPTY_BODY = YES;
				CLANG_WARN_ENUM_CONVERSION = YES;
				CLANG_WARN_INFINITE_RECURSION = YES;
				CLANG_WARN_INT_CONVERSION = YES;
				CLANG_WARN_OBJC_ROOT_CLASS = YES_ERROR;
				CLANG_WARN_SUSPICIOUS_MOVES = YES;
				CLANG_WARN_UNREACHABLE_CODE = YES;
				CLANG_WARN__DUPLICATE_METHOD_MATCH = YES;
				"CODE_SIGN_IDENTITY[sdk=iphoneos*]" = "iPhone Developer";
				COPY_PHASE_STRIP = NO;
				DEBUG_INFORMATION_FORMAT = dwarf;
				ENABLE_STRICT_OBJC_MSGSEND = YES;
				ENABLE_TESTABILITY = YES;
				GCC_C_LANGUAGE_STANDARD = gnu99;
				GCC_DYNAMIC_NO_PIC = NO;
				GCC_NO_COMMON_BLOCKS = YES;
				GCC_OPTIMIZATION_LEVEL = 0;
				GCC_PREPROCESSOR_DEFINITIONS = (
					"DEBUG=1",
					"$(inherited)",
				);
				GCC_WARN_64_TO_32_BIT_CONVERSION = YES;
				GCC_WARN_ABOUT_RETURN_TYPE = YES_ERROR;
				GCC_WARN_UNDECLARED_SELECTOR = YES;
				GCC_WARN_UNINITIALIZED_AUTOS = YES_AGGRESSIVE;
				GCC_WARN_UNUSED_FUNCTION = YES;
				GCC_WARN_UNUSED_VARIABLE = YES;
				IPHONEOS_DEPLOYMENT_TARGET = 10.0;
				MTL_ENABLE_DEBUG_INFO = YES;
				ONLY_ACTIVE_ARCH = YES;
				SDKROOT = iphoneos;
				SWIFT_ACTIVE_COMPILATION_CONDITIONS = DEBUG;
				SWIFT_OPTIMIZATION_LEVEL = "-Onone";
				TARGETED_DEVICE_FAMILY = "1,2";
			};
			name = Debug;
		};
		831E245C1E96A4840099E649 /* Release */ = {
			isa = XCBuildConfiguration;
			buildSettings = {
				ALWAYS_SEARCH_USER_PATHS = NO;
				CLANG_ANALYZER_NONNULL = YES;
				CLANG_CXX_LANGUAGE_STANDARD = "gnu++0x";
				CLANG_CXX_LIBRARY = "libc++";
				CLANG_ENABLE_MODULES = YES;
				CLANG_ENABLE_OBJC_ARC = YES;
				CLANG_WARN_BOOL_CONVERSION = YES;
				CLANG_WARN_CONSTANT_CONVERSION = YES;
				CLANG_WARN_DIRECT_OBJC_ISA_USAGE = YES_ERROR;
				CLANG_WARN_DOCUMENTATION_COMMENTS = YES;
				CLANG_WARN_EMPTY_BODY = YES;
				CLANG_WARN_ENUM_CONVERSION = YES;
				CLANG_WARN_INFINITE_RECURSION = YES;
				CLANG_WARN_INT_CONVERSION = YES;
				CLANG_WARN_OBJC_ROOT_CLASS = YES_ERROR;
				CLANG_WARN_SUSPICIOUS_MOVES = YES;
				CLANG_WARN_UNREACHABLE_CODE = YES;
				CLANG_WARN__DUPLICATE_METHOD_MATCH = YES;
				"CODE_SIGN_IDENTITY[sdk=iphoneos*]" = "iPhone Developer";
				COPY_PHASE_STRIP = NO;
				DEBUG_INFORMATION_FORMAT = "dwarf-with-dsym";
				ENABLE_NS_ASSERTIONS = NO;
				ENABLE_STRICT_OBJC_MSGSEND = YES;
				GCC_C_LANGUAGE_STANDARD = gnu99;
				GCC_NO_COMMON_BLOCKS = YES;
				GCC_WARN_64_TO_32_BIT_CONVERSION = YES;
				GCC_WARN_ABOUT_RETURN_TYPE = YES_ERROR;
				GCC_WARN_UNDECLARED_SELECTOR = YES;
				GCC_WARN_UNINITIALIZED_AUTOS = YES_AGGRESSIVE;
				GCC_WARN_UNUSED_FUNCTION = YES;
				GCC_WARN_UNUSED_VARIABLE = YES;
				IPHONEOS_DEPLOYMENT_TARGET = 10.0;
				MTL_ENABLE_DEBUG_INFO = NO;
				SDKROOT = iphoneos;
				SWIFT_OPTIMIZATION_LEVEL = "-Owholemodule";
				TARGETED_DEVICE_FAMILY = "1,2";
				VALIDATE_PRODUCT = YES;
			};
			name = Release;
		};
		831E245E1E96A4840099E649 /* Debug */ = {
			isa = XCBuildConfiguration;
			buildSettings = {
				ASSETCATALOG_COMPILER_APPICON_NAME = AppIcon;
				INFOPLIST_FILE = 2DA_EVA_PRACTICA5/Info.plist;
				LD_RUNPATH_SEARCH_PATHS = "$(inherited) @executable_path/Frameworks";
				PRODUCT_BUNDLE_IDENTIFIER = "x.-DA-EVA-PRACTICA5";
				PRODUCT_NAME = "$(TARGET_NAME)";
				SWIFT_VERSION = 3.0;
			};
			name = Debug;
		};
		831E245F1E96A4840099E649 /* Release */ = {
			isa = XCBuildConfiguration;
			buildSettings = {
				ASSETCATALOG_COMPILER_APPICON_NAME = AppIcon;
				INFOPLIST_FILE = 2DA_EVA_PRACTICA5/Info.plist;
				LD_RUNPATH_SEARCH_PATHS = "$(inherited) @executable_path/Frameworks";
				PRODUCT_BUNDLE_IDENTIFIER = "x.-DA-EVA-PRACTICA5";
				PRODUCT_NAME = "$(TARGET_NAME)";
				SWIFT_VERSION = 3.0;
			};
			name = Release;
		};
/* End XCBuildConfiguration section */

/* Begin XCConfigurationList section */
		831E24461E96A4830099E649 /* Build configuration list for PBXProject "2DA_EVA_PRACTICA5" */ = {
			isa = XCConfigurationList;
			buildConfigurations = (
				831E245B1E96A4840099E649 /* Debug */,
				831E245C1E96A4840099E649 /* Release */,
			);
			defaultConfigurationIsVisible = 0;
			defaultConfigurationName = Release;
		};
		831E245D1E96A4840099E649 /* Build configuration list for PBXNativeTarget "2DA_EVA_PRACTICA5" */ = {
			isa = XCConfigurationList;
			buildConfigurations = (
				831E245E1E96A4840099E649 /* Debug */,
				831E245F1E96A4840099E649 /* Release */,
			);
			defaultConfigurationIsVisible = 0;
		};
/* End XCConfigurationList section */
	};
	rootObject = 831E24431E96A4830099E649 /* Project object */;
}
